// !$*UTF8*$!
{
	archiveVersion = 1;
	classes = {
	};
	objectVersion = 53;
	objects = {

/* Begin PBXBuildFile section */
		3375BF41BAAB4D569E327FF7 /* Todo.swift in Sources */ = {isa = PBXBuildFile; fileRef = 7439AB21683C481C85721B40 /* Todo.swift */; };
		34F05AD0A11EB963AEDEFDDD /* Pods_AppleSDKTips_AppleSDKTipsUITests.framework in Frameworks */ = {isa = PBXBuildFile; fileRef = 45442FFF4C793CFDF88FDB87 /* Pods_AppleSDKTips_AppleSDKTipsUITests.framework */; };
		390178CD1DCC11870042D29A /* TopMenuListTableViewDataSource.swift in Sources */ = {isa = PBXBuildFile; fileRef = 390178CC1DCC11870042D29A /* TopMenuListTableViewDataSource.swift */; };
		390178CF1DCC13820042D29A /* TopMenuListViewControllerUITableViewDelegate.swift in Sources */ = {isa = PBXBuildFile; fileRef = 390178CE1DCC13820042D29A /* TopMenuListViewControllerUITableViewDelegate.swift */; };
		394F21B321DDF445003F1E88 /* BasicPlaybackViewController.storyboard in Resources */ = {isa = PBXBuildFile; fileRef = 394F21B221DDF445003F1E88 /* BasicPlaybackViewController.storyboard */; };
		394F21B521DDF553003F1E88 /* README.md in Resources */ = {isa = PBXBuildFile; fileRef = 394F21B421DDF553003F1E88 /* README.md */; };
		394F21B721DDF9D8003F1E88 /* BasicPlaybackViewController.swift in Sources */ = {isa = PBXBuildFile; fileRef = 394F21B621DDF9D8003F1E88 /* BasicPlaybackViewController.swift */; };
		3953DB441E6B0951007BDD49 /* CollectionView1ViewController.storyboard in Resources */ = {isa = PBXBuildFile; fileRef = 3953DB431E6B0951007BDD49 /* CollectionView1ViewController.storyboard */; };
		3953DB461E6B09D4007BDD49 /* CollectionView1ViewController.swift in Sources */ = {isa = PBXBuildFile; fileRef = 3953DB451E6B09D4007BDD49 /* CollectionView1ViewController.swift */; };
		3953DB491E6B0ECB007BDD49 /* CollectionView1Cell.swift in Sources */ = {isa = PBXBuildFile; fileRef = 3953DB481E6B0ECB007BDD49 /* CollectionView1Cell.swift */; };
		397E1418247ABE1700688DE2 /* LandmarkDetailView.swift in Sources */ = {isa = PBXBuildFile; fileRef = 397E1417247ABE1700688DE2 /* LandmarkDetailView.swift */; };
		397E141A247AC5CE00688DE2 /* CircleImageView.swift in Sources */ = {isa = PBXBuildFile; fileRef = 397E1419247AC5CE00688DE2 /* CircleImageView.swift */; };
		39A098831DCA3EE200046D54 /* TopMenuListTests.swift in Sources */ = {isa = PBXBuildFile; fileRef = 39A098821DCA3EE200046D54 /* TopMenuListTests.swift */; };
		39A098851DCA494100046D54 /* TopMenuListViewController.swift in Sources */ = {isa = PBXBuildFile; fileRef = 39A098841DCA494100046D54 /* TopMenuListViewController.swift */; };
		39B499591DC7922C00EDACB2 /* AppDelegate.swift in Sources */ = {isa = PBXBuildFile; fileRef = 39B499581DC7922C00EDACB2 /* AppDelegate.swift */; };
		39B4995E1DC7922C00EDACB2 /* Main.storyboard in Resources */ = {isa = PBXBuildFile; fileRef = 39B4995C1DC7922C00EDACB2 /* Main.storyboard */; };
		39B499601DC7922C00EDACB2 /* Assets.xcassets in Resources */ = {isa = PBXBuildFile; fileRef = 39B4995F1DC7922C00EDACB2 /* Assets.xcassets */; };
		39B499631DC7922C00EDACB2 /* LaunchScreen.storyboard in Resources */ = {isa = PBXBuildFile; fileRef = 39B499611DC7922C00EDACB2 /* LaunchScreen.storyboard */; };
		39B499791DC7922C00EDACB2 /* AppleSDKTipsUITests.swift in Sources */ = {isa = PBXBuildFile; fileRef = 39B499781DC7922C00EDACB2 /* AppleSDKTipsUITests.swift */; };
		39B4998E1DC7964800EDACB2 /* TopMenuEntity.swift in Sources */ = {isa = PBXBuildFile; fileRef = 39B4998D1DC7964800EDACB2 /* TopMenuEntity.swift */; };
		39B7A1901DCB706E005DB322 /* topMenu.plist in Resources */ = {isa = PBXBuildFile; fileRef = 39B7A18F1DCB706E005DB322 /* topMenu.plist */; };
		39B7A1931DCB7630005DB322 /* topMenuTest.plist in Resources */ = {isa = PBXBuildFile; fileRef = 39B7A1921DCB7630005DB322 /* topMenuTest.plist */; };
		39BA76C11E9687AE00810E47 /* ZoomingSample1ViewController.swift in Sources */ = {isa = PBXBuildFile; fileRef = 39BA76C01E9687AE00810E47 /* ZoomingSample1ViewController.swift */; };
		39BA76C31E9687F000810E47 /* ZoomingSample1ViewController.storyboard in Resources */ = {isa = PBXBuildFile; fileRef = 39BA76C21E9687F000810E47 /* ZoomingSample1ViewController.storyboard */; };
		39BA76C61E968A9B00810E47 /* ZoomingSample1ScrollView.swift in Sources */ = {isa = PBXBuildFile; fileRef = 39BA76C51E968A9B00810E47 /* ZoomingSample1ScrollView.swift */; };
		39BA76CD1E9691F700810E47 /* ZoomingSample1ScrollView.xib in Resources */ = {isa = PBXBuildFile; fileRef = 39BA76CC1E9691F700810E47 /* ZoomingSample1ScrollView.xib */; };
		39D029121DCCC22300ADAE35 /* TopMenuListTableViewCell.swift in Sources */ = {isa = PBXBuildFile; fileRef = 39D029111DCCC22300ADAE35 /* TopMenuListTableViewCell.swift */; };
		39D0291D1DCCD88000ADAE35 /* TopMenuList.m in Sources */ = {isa = PBXBuildFile; fileRef = 39D0291C1DCCD88000ADAE35 /* TopMenuList.m */; };
		39E3AB9E2485347500B3ED15 /* SomeMapView.swift in Sources */ = {isa = PBXBuildFile; fileRef = 39E3AB9D2485347500B3ED15 /* SomeMapView.swift */; };
		47267E1C8E37C04479449913 /* Pods_AppleSDKTips.framework in Frameworks */ = {isa = PBXBuildFile; fileRef = F8730EF3C98280E63A492213 /* Pods_AppleSDKTips.framework */; };
		49DE3D1F1B0D328F5C2AAA37 /* Pods_AppleSDKTipsTests.framework in Frameworks */ = {isa = PBXBuildFile; fileRef = D0EC59C586EB1A9548C7A0BB /* Pods_AppleSDKTipsTests.framework */; };
		89CF760182F841CAA80FC598 /* amplifyconfiguration.json in Resources */ = {isa = PBXBuildFile; fileRef = 754630730C3347E38A063533 /* amplifyconfiguration.json */; };
		8E94BB7AF4A8488B9CC52205 /* awsconfiguration.json in Resources */ = {isa = PBXBuildFile; fileRef = 090CA59BC19C4245AC349163 /* awsconfiguration.json */; };
		AE05B7182511738500100E1E /* TopMenuList.m in Sources */ = {isa = PBXBuildFile; fileRef = 39D0291C1DCCD88000ADAE35 /* TopMenuList.m */; };
		AE05B7192511738500100E1E /* CollectionView1Cell.swift in Sources */ = {isa = PBXBuildFile; fileRef = 3953DB481E6B0ECB007BDD49 /* CollectionView1Cell.swift */; };
		AE05B71A2511738500100E1E /* ImageDataSource.swift in Sources */ = {isa = PBXBuildFile; fileRef = AE50B48224A55C59003B9F3C /* ImageDataSource.swift */; };
		AE05B71B2511738500100E1E /* CircleImageView.swift in Sources */ = {isa = PBXBuildFile; fileRef = 397E1419247AC5CE00688DE2 /* CircleImageView.swift */; };
		AE05B71C2511738500100E1E /* FacebookSimpleLoginViewController.swift in Sources */ = {isa = PBXBuildFile; fileRef = AED17B8824F72B0700E76414 /* FacebookSimpleLoginViewController.swift */; };
		AE05B71E2511738500100E1E /* ZoomingSample1ViewController.swift in Sources */ = {isa = PBXBuildFile; fileRef = 39BA76C01E9687AE00810E47 /* ZoomingSample1ViewController.swift */; };
		AE05B71F2511738500100E1E /* ZoomingSample1ScrollView.swift in Sources */ = {isa = PBXBuildFile; fileRef = 39BA76C51E968A9B00810E47 /* ZoomingSample1ScrollView.swift */; };
		AE05B7202511738500100E1E /* TopMenuListViewController.swift in Sources */ = {isa = PBXBuildFile; fileRef = 39A098841DCA494100046D54 /* TopMenuListViewController.swift */; };
		AE05B7212511738500100E1E /* AppDelegate.swift in Sources */ = {isa = PBXBuildFile; fileRef = 39B499581DC7922C00EDACB2 /* AppDelegate.swift */; };
		AE05B7222511738500100E1E /* SomeMapView.swift in Sources */ = {isa = PBXBuildFile; fileRef = 39E3AB9D2485347500B3ED15 /* SomeMapView.swift */; };
		AE05B7232511738500100E1E /* TopMenuListTableViewDataSource.swift in Sources */ = {isa = PBXBuildFile; fileRef = 390178CC1DCC11870042D29A /* TopMenuListTableViewDataSource.swift */; };
		AE05B7242511738500100E1E /* CollectionView1ViewController.swift in Sources */ = {isa = PBXBuildFile; fileRef = 3953DB451E6B09D4007BDD49 /* CollectionView1ViewController.swift */; };
		AE05B7252511738500100E1E /* TopMenuListViewControllerUITableViewDelegate.swift in Sources */ = {isa = PBXBuildFile; fileRef = 390178CE1DCC13820042D29A /* TopMenuListViewControllerUITableViewDelegate.swift */; };
		AE05B7262511738500100E1E /* LandmarkDetailView.swift in Sources */ = {isa = PBXBuildFile; fileRef = 397E1417247ABE1700688DE2 /* LandmarkDetailView.swift */; };
		AE05B7272511738500100E1E /* TopMenuListTableViewCell.swift in Sources */ = {isa = PBXBuildFile; fileRef = 39D029111DCCC22300ADAE35 /* TopMenuListTableViewCell.swift */; };
		AE05B7282511738500100E1E /* Landmark.swift in Sources */ = {isa = PBXBuildFile; fileRef = AE7DFA3B2497CC0C00C96C91 /* Landmark.swift */; };
		AE05B7292511738500100E1E /* BasicPlaybackViewController.swift in Sources */ = {isa = PBXBuildFile; fileRef = 394F21B621DDF9D8003F1E88 /* BasicPlaybackViewController.swift */; };
		AE05B72A2511738500100E1E /* TopMenuEntity.swift in Sources */ = {isa = PBXBuildFile; fileRef = 39B4998D1DC7964800EDACB2 /* TopMenuEntity.swift */; };
		AE05B72B2511738500100E1E /* AmplifyModels.swift in Sources */ = {isa = PBXBuildFile; fileRef = 899C6886F0F940F1B591AFC0 /* AmplifyModels.swift */; };
		AE05B72C2511738500100E1E /* Priority.swift in Sources */ = {isa = PBXBuildFile; fileRef = E8379B042C12474B90B32597 /* Priority.swift */; };
		AE05B72D2511738500100E1E /* Todo.swift in Sources */ = {isa = PBXBuildFile; fileRef = 7439AB21683C481C85721B40 /* Todo.swift */; };
		AE05B72E2511738500100E1E /* Todo+Schema.swift in Sources */ = {isa = PBXBuildFile; fileRef = 68756D9721194E7B832577AC /* Todo+Schema.swift */; };
		AE05B7302511738500100E1E /* PropertyListComponent.framework in Frameworks */ = {isa = PBXBuildFile; fileRef = AEE3CD8324951B4400C9AA9D /* PropertyListComponent.framework */; };
		AE05B7312511738500100E1E /* Pods_AppleSDKTips.framework in Frameworks */ = {isa = PBXBuildFile; fileRef = F8730EF3C98280E63A492213 /* Pods_AppleSDKTips.framework */; };
		AE05B7322511738500100E1E /* FacebookLogin in Frameworks */ = {isa = PBXBuildFile; productRef = AE05B7122511738500100E1E /* FacebookLogin */; };
		AE05B7332511738500100E1E /* FacebookCore in Frameworks */ = {isa = PBXBuildFile; productRef = AE05B7142511738500100E1E /* FacebookCore */; };
		AE05B7352511738500100E1E /* CollectionView1ViewController.storyboard in Resources */ = {isa = PBXBuildFile; fileRef = 3953DB431E6B0951007BDD49 /* CollectionView1ViewController.storyboard */; };
		AE05B7362511738500100E1E /* FacebookSimpleLoginViewController.storyboard in Resources */ = {isa = PBXBuildFile; fileRef = AED17B8624F72ADD00E76414 /* FacebookSimpleLoginViewController.storyboard */; };
		AE05B7372511738500100E1E /* ZoomingSample1ViewController.storyboard in Resources */ = {isa = PBXBuildFile; fileRef = 39BA76C21E9687F000810E47 /* ZoomingSample1ViewController.storyboard */; };
		AE05B7382511738500100E1E /* README.md in Resources */ = {isa = PBXBuildFile; fileRef = 394F21B421DDF553003F1E88 /* README.md */; };
		AE05B7392511738500100E1E /* LaunchScreen.storyboard in Resources */ = {isa = PBXBuildFile; fileRef = 39B499611DC7922C00EDACB2 /* LaunchScreen.storyboard */; };
		AE05B73A2511738500100E1E /* Assets.xcassets in Resources */ = {isa = PBXBuildFile; fileRef = 39B4995F1DC7922C00EDACB2 /* Assets.xcassets */; };
		AE05B73C2511738500100E1E /* tutorial1.json in Resources */ = {isa = PBXBuildFile; fileRef = AE7DFA302497BD8C00C96C91 /* tutorial1.json */; };
		AE05B73D2511738500100E1E /* ZoomingSample1ScrollView.xib in Resources */ = {isa = PBXBuildFile; fileRef = 39BA76CC1E9691F700810E47 /* ZoomingSample1ScrollView.xib */; };
		AE05B73E2511738500100E1E /* Main.storyboard in Resources */ = {isa = PBXBuildFile; fileRef = 39B4995C1DC7922C00EDACB2 /* Main.storyboard */; };
		AE05B73F2511738500100E1E /* topMenu.plist in Resources */ = {isa = PBXBuildFile; fileRef = 39B7A18F1DCB706E005DB322 /* topMenu.plist */; };
		AE05B7402511738500100E1E /* BasicPlaybackViewController.storyboard in Resources */ = {isa = PBXBuildFile; fileRef = 394F21B221DDF445003F1E88 /* BasicPlaybackViewController.storyboard */; };
		AE05B7412511738500100E1E /* amplifyconfiguration.json in Resources */ = {isa = PBXBuildFile; fileRef = 754630730C3347E38A063533 /* amplifyconfiguration.json */; };
		AE05B7422511738500100E1E /* awsconfiguration.json in Resources */ = {isa = PBXBuildFile; fileRef = 090CA59BC19C4245AC349163 /* awsconfiguration.json */; };
		AE05B7442511738500100E1E /* PropertyListComponent.framework in Embed Frameworks */ = {isa = PBXBuildFile; fileRef = AEE3CD8324951B4400C9AA9D /* PropertyListComponent.framework */; settings = {ATTRIBUTES = (CodeSignOnCopy, RemoveHeadersOnCopy, ); }; };
		AE05B74E251173ED00100E1E /* Info-dev.plist in Resources */ = {isa = PBXBuildFile; fileRef = AE05B74D251173ED00100E1E /* Info-dev.plist */; };
		AE34EBAF249524E300BD2B3F /* PropertyListComponent.framework in Frameworks */ = {isa = PBXBuildFile; fileRef = AEE3CD8324951B4400C9AA9D /* PropertyListComponent.framework */; };
		AE34EBB0249524E300BD2B3F /* PropertyListComponent.framework in Embed Frameworks */ = {isa = PBXBuildFile; fileRef = AEE3CD8324951B4400C9AA9D /* PropertyListComponent.framework */; settings = {ATTRIBUTES = (CodeSignOnCopy, RemoveHeadersOnCopy, ); }; };
		AE50B48324A55C59003B9F3C /* ImageDataSource.swift in Sources */ = {isa = PBXBuildFile; fileRef = AE50B48224A55C59003B9F3C /* ImageDataSource.swift */; };
		AE68254F24F4847800B6A35A /* FacebookLogin in Frameworks */ = {isa = PBXBuildFile; productRef = AE68254E24F4847800B6A35A /* FacebookLogin */; };
		AE68255124F4847800B6A35A /* FacebookCore in Frameworks */ = {isa = PBXBuildFile; productRef = AE68255024F4847800B6A35A /* FacebookCore */; };
		AE7DFA332497BD8C00C96C91 /* tutorial1.json in Resources */ = {isa = PBXBuildFile; fileRef = AE7DFA302497BD8C00C96C91 /* tutorial1.json */; };
		AE7DFA3C2497CC0C00C96C91 /* Landmark.swift in Sources */ = {isa = PBXBuildFile; fileRef = AE7DFA3B2497CC0C00C96C91 /* Landmark.swift */; };
		AED17B8724F72ADD00E76414 /* FacebookSimpleLoginViewController.storyboard in Resources */ = {isa = PBXBuildFile; fileRef = AED17B8624F72ADD00E76414 /* FacebookSimpleLoginViewController.storyboard */; };
		AED17B8924F72B0700E76414 /* FacebookSimpleLoginViewController.swift in Sources */ = {isa = PBXBuildFile; fileRef = AED17B8824F72B0700E76414 /* FacebookSimpleLoginViewController.swift */; };
		AED3B56E2568F41A00C65B2A /* LandmarkRowView.swift in Sources */ = {isa = PBXBuildFile; fileRef = AED3B56B2568F41A00C65B2A /* LandmarkRowView.swift */; };
		AED3B5B12569D02E00C65B2A /* LandmarksSwiftUIView.swift in Sources */ = {isa = PBXBuildFile; fileRef = AED3B5B02569D02E00C65B2A /* LandmarksSwiftUIView.swift */; };
		AED3B5B22569D02E00C65B2A /* LandmarksSwiftUIView.swift in Sources */ = {isa = PBXBuildFile; fileRef = AED3B5B02569D02E00C65B2A /* LandmarksSwiftUIView.swift */; };
		B2CFADB706FA43D68E2DF392 /* Todo+Schema.swift in Sources */ = {isa = PBXBuildFile; fileRef = 68756D9721194E7B832577AC /* Todo+Schema.swift */; };
		C5B064646F964C66917794B4 /* AmplifyModels.swift in Sources */ = {isa = PBXBuildFile; fileRef = 899C6886F0F940F1B591AFC0 /* AmplifyModels.swift */; };
		E09F5E7E8B7F406DA3558875 /* Priority.swift in Sources */ = {isa = PBXBuildFile; fileRef = E8379B042C12474B90B32597 /* Priority.swift */; };
/* End PBXBuildFile section */

/* Begin PBXContainerItemProxy section */
		39B4996A1DC7922C00EDACB2 /* PBXContainerItemProxy */ = {
			isa = PBXContainerItemProxy;
			containerPortal = 39B4994D1DC7922C00EDACB2 /* Project object */;
			proxyType = 1;
			remoteGlobalIDString = 39B499541DC7922C00EDACB2;
			remoteInfo = AppleSDKTips;
		};
		39B499751DC7922C00EDACB2 /* PBXContainerItemProxy */ = {
			isa = PBXContainerItemProxy;
			containerPortal = 39B4994D1DC7922C00EDACB2 /* Project object */;
			proxyType = 1;
			remoteGlobalIDString = 39B499541DC7922C00EDACB2;
			remoteInfo = AppleSDKTips;
		};
		AEE3CD8224951B4400C9AA9D /* PBXContainerItemProxy */ = {
			isa = PBXContainerItemProxy;
			containerPortal = 3914590F246DF31200DBA269 /* PropertyListComponent.xcodeproj */;
			proxyType = 2;
			remoteGlobalIDString = 3919783C2244A8B0006A3BFD;
			remoteInfo = PropertyListComponent;
		};
		AEE3CD8424951B4400C9AA9D /* PBXContainerItemProxy */ = {
			isa = PBXContainerItemProxy;
			containerPortal = 3914590F246DF31200DBA269 /* PropertyListComponent.xcodeproj */;
			proxyType = 2;
			remoteGlobalIDString = 391978452244A8B0006A3BFD;
			remoteInfo = PropertyListComponentTests;
		};
/* End PBXContainerItemProxy section */

/* Begin PBXCopyFilesBuildPhase section */
		39D3E2A0246DF3D500F05DB3 /* Embed Frameworks */ = {
			isa = PBXCopyFilesBuildPhase;
			buildActionMask = 2147483647;
			dstPath = "";
			dstSubfolderSpec = 10;
			files = (
				AE34EBB0249524E300BD2B3F /* PropertyListComponent.framework in Embed Frameworks */,
			);
			name = "Embed Frameworks";
			runOnlyForDeploymentPostprocessing = 0;
		};
		AE05B7432511738500100E1E /* Embed Frameworks */ = {
			isa = PBXCopyFilesBuildPhase;
			buildActionMask = 2147483647;
			dstPath = "";
			dstSubfolderSpec = 10;
			files = (
				AE05B7442511738500100E1E /* PropertyListComponent.framework in Embed Frameworks */,
			);
			name = "Embed Frameworks";
			runOnlyForDeploymentPostprocessing = 0;
		};
/* End PBXCopyFilesBuildPhase section */

/* Begin PBXFileReference section */
		090CA59BC19C4245AC349163 /* awsconfiguration.json */ = {isa = PBXFileReference; explicitFileType = undefined; fileEncoding = 9; includeInIndex = 0; lastKnownFileType = unknown; path = awsconfiguration.json; sourceTree = "<group>"; };
		266A205776F24025BD973933 /* schema.graphql */ = {isa = PBXFileReference; explicitFileType = undefined; fileEncoding = 4; includeInIndex = 0; lastKnownFileType = text; name = schema.graphql; path = amplify/backend/api/amplifyDatasource/schema.graphql; sourceTree = "<group>"; };
		390178CC1DCC11870042D29A /* TopMenuListTableViewDataSource.swift */ = {isa = PBXFileReference; fileEncoding = 4; lastKnownFileType = sourcecode.swift; path = TopMenuListTableViewDataSource.swift; sourceTree = "<group>"; };
		390178CE1DCC13820042D29A /* TopMenuListViewControllerUITableViewDelegate.swift */ = {isa = PBXFileReference; fileEncoding = 4; lastKnownFileType = sourcecode.swift; path = TopMenuListViewControllerUITableViewDelegate.swift; sourceTree = "<group>"; };
		3914590F246DF31200DBA269 /* PropertyListComponent.xcodeproj */ = {isa = PBXFileReference; lastKnownFileType = "wrapper.pb-project"; name = PropertyListComponent.xcodeproj; path = "../../imaxyz-PropertyListComponent/PropertyListComponent/PropertyListComponent.xcodeproj"; sourceTree = "<group>"; };
		3919785E2244B04F006A3BFD /* PropertyListComponent.framework */ = {isa = PBXFileReference; lastKnownFileType = wrapper.framework; path = PropertyListComponent.framework; sourceTree = "<group>"; };
		394F21B221DDF445003F1E88 /* BasicPlaybackViewController.storyboard */ = {isa = PBXFileReference; lastKnownFileType = file.storyboard; path = BasicPlaybackViewController.storyboard; sourceTree = "<group>"; };
		394F21B421DDF553003F1E88 /* README.md */ = {isa = PBXFileReference; lastKnownFileType = net.daringfireball.markdown; path = README.md; sourceTree = "<group>"; };
		394F21B621DDF9D8003F1E88 /* BasicPlaybackViewController.swift */ = {isa = PBXFileReference; lastKnownFileType = sourcecode.swift; path = BasicPlaybackViewController.swift; sourceTree = "<group>"; };
		3953DB431E6B0951007BDD49 /* CollectionView1ViewController.storyboard */ = {isa = PBXFileReference; fileEncoding = 4; lastKnownFileType = file.storyboard; path = CollectionView1ViewController.storyboard; sourceTree = "<group>"; };
		3953DB451E6B09D4007BDD49 /* CollectionView1ViewController.swift */ = {isa = PBXFileReference; fileEncoding = 4; lastKnownFileType = sourcecode.swift; path = CollectionView1ViewController.swift; sourceTree = "<group>"; };
		3953DB481E6B0ECB007BDD49 /* CollectionView1Cell.swift */ = {isa = PBXFileReference; fileEncoding = 4; lastKnownFileType = sourcecode.swift; path = CollectionView1Cell.swift; sourceTree = "<group>"; };
		397790862479E81500C2C6C3 /* AppleSDKTips.entitlements */ = {isa = PBXFileReference; lastKnownFileType = text.plist.entitlements; path = AppleSDKTips.entitlements; sourceTree = "<group>"; };
		397E1417247ABE1700688DE2 /* LandmarkDetailView.swift */ = {isa = PBXFileReference; lastKnownFileType = sourcecode.swift; path = LandmarkDetailView.swift; sourceTree = "<group>"; };
		397E1419247AC5CE00688DE2 /* CircleImageView.swift */ = {isa = PBXFileReference; lastKnownFileType = sourcecode.swift; path = CircleImageView.swift; sourceTree = "<group>"; };
		399310791F17B93900EF33E6 /* README.md */ = {isa = PBXFileReference; lastKnownFileType = net.daringfireball.markdown; name = README.md; path = ../README.md; sourceTree = "<group>"; };
		399B04442243E410003B9ED5 /* AppleSDKTipsTests-Bridging-Header.h */ = {isa = PBXFileReference; lastKnownFileType = sourcecode.c.h; path = "AppleSDKTipsTests-Bridging-Header.h"; sourceTree = "<group>"; };
		39A098821DCA3EE200046D54 /* TopMenuListTests.swift */ = {isa = PBXFileReference; fileEncoding = 4; lastKnownFileType = sourcecode.swift; path = TopMenuListTests.swift; sourceTree = "<group>"; };
		39A098841DCA494100046D54 /* TopMenuListViewController.swift */ = {isa = PBXFileReference; fileEncoding = 4; lastKnownFileType = sourcecode.swift; path = TopMenuListViewController.swift; sourceTree = "<group>"; };
		39B499551DC7922C00EDACB2 /* AppleSDKTips.app */ = {isa = PBXFileReference; explicitFileType = wrapper.application; includeInIndex = 0; path = AppleSDKTips.app; sourceTree = BUILT_PRODUCTS_DIR; };
		39B499581DC7922C00EDACB2 /* AppDelegate.swift */ = {isa = PBXFileReference; lastKnownFileType = sourcecode.swift; path = AppDelegate.swift; sourceTree = "<group>"; };
		39B4995D1DC7922C00EDACB2 /* Base */ = {isa = PBXFileReference; lastKnownFileType = file.storyboard; name = Base; path = Base.lproj/Main.storyboard; sourceTree = "<group>"; };
		39B4995F1DC7922C00EDACB2 /* Assets.xcassets */ = {isa = PBXFileReference; lastKnownFileType = folder.assetcatalog; path = Assets.xcassets; sourceTree = "<group>"; };
		39B499621DC7922C00EDACB2 /* Base */ = {isa = PBXFileReference; lastKnownFileType = file.storyboard; name = Base; path = Base.lproj/LaunchScreen.storyboard; sourceTree = "<group>"; };
		39B499641DC7922C00EDACB2 /* Info.plist */ = {isa = PBXFileReference; lastKnownFileType = text.plist.xml; path = Info.plist; sourceTree = "<group>"; };
		39B499691DC7922C00EDACB2 /* AppleSDKTipsTests.xctest */ = {isa = PBXFileReference; explicitFileType = wrapper.cfbundle; includeInIndex = 0; path = AppleSDKTipsTests.xctest; sourceTree = BUILT_PRODUCTS_DIR; };
		39B4996F1DC7922C00EDACB2 /* Info.plist */ = {isa = PBXFileReference; lastKnownFileType = text.plist.xml; path = Info.plist; sourceTree = "<group>"; };
		39B499741DC7922C00EDACB2 /* AppleSDKTipsUITests.xctest */ = {isa = PBXFileReference; explicitFileType = wrapper.cfbundle; includeInIndex = 0; path = AppleSDKTipsUITests.xctest; sourceTree = BUILT_PRODUCTS_DIR; };
		39B499781DC7922C00EDACB2 /* AppleSDKTipsUITests.swift */ = {isa = PBXFileReference; lastKnownFileType = sourcecode.swift; path = AppleSDKTipsUITests.swift; sourceTree = "<group>"; };
		39B4997A1DC7922C00EDACB2 /* Info.plist */ = {isa = PBXFileReference; lastKnownFileType = text.plist.xml; path = Info.plist; sourceTree = "<group>"; };
		39B4998D1DC7964800EDACB2 /* TopMenuEntity.swift */ = {isa = PBXFileReference; fileEncoding = 4; lastKnownFileType = sourcecode.swift; path = TopMenuEntity.swift; sourceTree = "<group>"; };
		39B7A18F1DCB706E005DB322 /* topMenu.plist */ = {isa = PBXFileReference; fileEncoding = 4; lastKnownFileType = text.plist.xml; path = topMenu.plist; sourceTree = "<group>"; };
		39B7A1921DCB7630005DB322 /* topMenuTest.plist */ = {isa = PBXFileReference; fileEncoding = 4; lastKnownFileType = text.plist.xml; path = topMenuTest.plist; sourceTree = "<group>"; };
		39BA76C01E9687AE00810E47 /* ZoomingSample1ViewController.swift */ = {isa = PBXFileReference; fileEncoding = 4; lastKnownFileType = sourcecode.swift; path = ZoomingSample1ViewController.swift; sourceTree = "<group>"; };
		39BA76C21E9687F000810E47 /* ZoomingSample1ViewController.storyboard */ = {isa = PBXFileReference; fileEncoding = 4; lastKnownFileType = file.storyboard; path = ZoomingSample1ViewController.storyboard; sourceTree = "<group>"; };
		39BA76C51E968A9B00810E47 /* ZoomingSample1ScrollView.swift */ = {isa = PBXFileReference; fileEncoding = 4; lastKnownFileType = sourcecode.swift; path = ZoomingSample1ScrollView.swift; sourceTree = "<group>"; };
		39BA76CC1E9691F700810E47 /* ZoomingSample1ScrollView.xib */ = {isa = PBXFileReference; fileEncoding = 4; lastKnownFileType = file.xib; path = ZoomingSample1ScrollView.xib; sourceTree = "<group>"; };
		39D029111DCCC22300ADAE35 /* TopMenuListTableViewCell.swift */ = {isa = PBXFileReference; fileEncoding = 4; lastKnownFileType = sourcecode.swift; path = TopMenuListTableViewCell.swift; sourceTree = "<group>"; };
		39D029161DCCD17000ADAE35 /* AppleSDKTips-Bridging-Header.h */ = {isa = PBXFileReference; lastKnownFileType = sourcecode.c.h; path = "AppleSDKTips-Bridging-Header.h"; sourceTree = "<group>"; };
		39D0291B1DCCD88000ADAE35 /* TopMenuList.h */ = {isa = PBXFileReference; fileEncoding = 4; lastKnownFileType = sourcecode.c.h; path = TopMenuList.h; sourceTree = "<group>"; };
		39D0291C1DCCD88000ADAE35 /* TopMenuList.m */ = {isa = PBXFileReference; fileEncoding = 4; lastKnownFileType = sourcecode.c.objc; path = TopMenuList.m; sourceTree = "<group>"; };
		39E3AB9D2485347500B3ED15 /* SomeMapView.swift */ = {isa = PBXFileReference; lastKnownFileType = sourcecode.swift; path = SomeMapView.swift; sourceTree = "<group>"; };
		3E491C33B34005C2C736E2E7 /* Pods-AppleSDKTips.debug.xcconfig */ = {isa = PBXFileReference; includeInIndex = 1; lastKnownFileType = text.xcconfig; name = "Pods-AppleSDKTips.debug.xcconfig"; path = "Target Support Files/Pods-AppleSDKTips/Pods-AppleSDKTips.debug.xcconfig"; sourceTree = "<group>"; };
		45442FFF4C793CFDF88FDB87 /* Pods_AppleSDKTips_AppleSDKTipsUITests.framework */ = {isa = PBXFileReference; explicitFileType = wrapper.framework; includeInIndex = 0; path = Pods_AppleSDKTips_AppleSDKTipsUITests.framework; sourceTree = BUILT_PRODUCTS_DIR; };
		519C5BB9B36C43A0AC3E2E1A /* amplifytools.xcconfig */ = {isa = PBXFileReference; explicitFileType = undefined; fileEncoding = 4; includeInIndex = 0; lastKnownFileType = text.xcconfig; path = amplifytools.xcconfig; sourceTree = "<group>"; };
		68756D9721194E7B832577AC /* Todo+Schema.swift */ = {isa = PBXFileReference; explicitFileType = undefined; fileEncoding = 4; includeInIndex = 0; lastKnownFileType = sourcecode.swift; name = "Todo+Schema.swift"; path = "amplify/generated/models/Todo+Schema.swift"; sourceTree = "<group>"; };
		7439AB21683C481C85721B40 /* Todo.swift */ = {isa = PBXFileReference; explicitFileType = undefined; fileEncoding = 4; includeInIndex = 0; lastKnownFileType = sourcecode.swift; name = Todo.swift; path = amplify/generated/models/Todo.swift; sourceTree = "<group>"; };
		754630730C3347E38A063533 /* amplifyconfiguration.json */ = {isa = PBXFileReference; explicitFileType = undefined; fileEncoding = 9; includeInIndex = 0; lastKnownFileType = unknown; path = amplifyconfiguration.json; sourceTree = "<group>"; };
		76F538E0EC6DD86CCB7C8C5A /* Pods-AppleSDKTipsTests.debug.xcconfig */ = {isa = PBXFileReference; includeInIndex = 1; lastKnownFileType = text.xcconfig; name = "Pods-AppleSDKTipsTests.debug.xcconfig"; path = "Target Support Files/Pods-AppleSDKTipsTests/Pods-AppleSDKTipsTests.debug.xcconfig"; sourceTree = "<group>"; };
		7D8857339530240312B931A6 /* Pods-AppleSDKTips-AppleSDKTipsUITests.release.xcconfig */ = {isa = PBXFileReference; includeInIndex = 1; lastKnownFileType = text.xcconfig; name = "Pods-AppleSDKTips-AppleSDKTipsUITests.release.xcconfig"; path = "Target Support Files/Pods-AppleSDKTips-AppleSDKTipsUITests/Pods-AppleSDKTips-AppleSDKTipsUITests.release.xcconfig"; sourceTree = "<group>"; };
		899C6886F0F940F1B591AFC0 /* AmplifyModels.swift */ = {isa = PBXFileReference; explicitFileType = undefined; fileEncoding = 4; includeInIndex = 0; lastKnownFileType = sourcecode.swift; name = AmplifyModels.swift; path = amplify/generated/models/AmplifyModels.swift; sourceTree = "<group>"; };
		AE05B7492511738500100E1E /* AppleSDKTipsDev.app */ = {isa = PBXFileReference; explicitFileType = wrapper.application; includeInIndex = 0; path = AppleSDKTipsDev.app; sourceTree = BUILT_PRODUCTS_DIR; };
		AE05B74D251173ED00100E1E /* Info-dev.plist */ = {isa = PBXFileReference; fileEncoding = 4; lastKnownFileType = text.plist.xml; path = "Info-dev.plist"; sourceTree = "<group>"; };
		AE50B48224A55C59003B9F3C /* ImageDataSource.swift */ = {isa = PBXFileReference; lastKnownFileType = sourcecode.swift; path = ImageDataSource.swift; sourceTree = "<group>"; };
		AE7DFA302497BD8C00C96C91 /* tutorial1.json */ = {isa = PBXFileReference; fileEncoding = 4; lastKnownFileType = text.json; path = tutorial1.json; sourceTree = "<group>"; };
		AE7DFA3B2497CC0C00C96C91 /* Landmark.swift */ = {isa = PBXFileReference; lastKnownFileType = sourcecode.swift; path = Landmark.swift; sourceTree = "<group>"; };
		AED17B8624F72ADD00E76414 /* FacebookSimpleLoginViewController.storyboard */ = {isa = PBXFileReference; lastKnownFileType = file.storyboard; path = FacebookSimpleLoginViewController.storyboard; sourceTree = "<group>"; };
		AED17B8824F72B0700E76414 /* FacebookSimpleLoginViewController.swift */ = {isa = PBXFileReference; lastKnownFileType = sourcecode.swift; path = FacebookSimpleLoginViewController.swift; sourceTree = "<group>"; };
		AED3B56B2568F41A00C65B2A /* LandmarkRowView.swift */ = {isa = PBXFileReference; fileEncoding = 4; lastKnownFileType = sourcecode.swift; path = LandmarkRowView.swift; sourceTree = "<group>"; };
		AED3B5B02569D02E00C65B2A /* LandmarksSwiftUIView.swift */ = {isa = PBXFileReference; lastKnownFileType = sourcecode.swift; path = LandmarksSwiftUIView.swift; sourceTree = "<group>"; };
		BF45BF5491F10AF4AF68FD69 /* Pods-AppleSDKTips.release.xcconfig */ = {isa = PBXFileReference; includeInIndex = 1; lastKnownFileType = text.xcconfig; name = "Pods-AppleSDKTips.release.xcconfig"; path = "Target Support Files/Pods-AppleSDKTips/Pods-AppleSDKTips.release.xcconfig"; sourceTree = "<group>"; };
		D0EC59C586EB1A9548C7A0BB /* Pods_AppleSDKTipsTests.framework */ = {isa = PBXFileReference; explicitFileType = wrapper.framework; includeInIndex = 0; path = Pods_AppleSDKTipsTests.framework; sourceTree = BUILT_PRODUCTS_DIR; };
		E76EC04D5B3D292774744A54 /* Pods-AppleSDKTipsTests.release.xcconfig */ = {isa = PBXFileReference; includeInIndex = 1; lastKnownFileType = text.xcconfig; name = "Pods-AppleSDKTipsTests.release.xcconfig"; path = "Target Support Files/Pods-AppleSDKTipsTests/Pods-AppleSDKTipsTests.release.xcconfig"; sourceTree = "<group>"; };
		E8379B042C12474B90B32597 /* Priority.swift */ = {isa = PBXFileReference; explicitFileType = undefined; fileEncoding = 4; includeInIndex = 0; lastKnownFileType = sourcecode.swift; name = Priority.swift; path = amplify/generated/models/Priority.swift; sourceTree = "<group>"; };
		F60176633F148E08198A2E92 /* Pods-AppleSDKTips-AppleSDKTipsUITests.debug.xcconfig */ = {isa = PBXFileReference; includeInIndex = 1; lastKnownFileType = text.xcconfig; name = "Pods-AppleSDKTips-AppleSDKTipsUITests.debug.xcconfig"; path = "Target Support Files/Pods-AppleSDKTips-AppleSDKTipsUITests/Pods-AppleSDKTips-AppleSDKTipsUITests.debug.xcconfig"; sourceTree = "<group>"; };
		F8730EF3C98280E63A492213 /* Pods_AppleSDKTips.framework */ = {isa = PBXFileReference; explicitFileType = wrapper.framework; includeInIndex = 0; path = Pods_AppleSDKTips.framework; sourceTree = BUILT_PRODUCTS_DIR; };
/* End PBXFileReference section */

/* Begin PBXFrameworksBuildPhase section */
		39B499521DC7922C00EDACB2 /* Frameworks */ = {
			isa = PBXFrameworksBuildPhase;
			buildActionMask = 2147483647;
			files = (
				AE34EBAF249524E300BD2B3F /* PropertyListComponent.framework in Frameworks */,
				47267E1C8E37C04479449913 /* Pods_AppleSDKTips.framework in Frameworks */,
				AE68254F24F4847800B6A35A /* FacebookLogin in Frameworks */,
				AE68255124F4847800B6A35A /* FacebookCore in Frameworks */,
			);
			runOnlyForDeploymentPostprocessing = 0;
		};
		39B499661DC7922C00EDACB2 /* Frameworks */ = {
			isa = PBXFrameworksBuildPhase;
			buildActionMask = 2147483647;
			files = (
				49DE3D1F1B0D328F5C2AAA37 /* Pods_AppleSDKTipsTests.framework in Frameworks */,
			);
			runOnlyForDeploymentPostprocessing = 0;
		};
		39B499711DC7922C00EDACB2 /* Frameworks */ = {
			isa = PBXFrameworksBuildPhase;
			buildActionMask = 2147483647;
			files = (
				34F05AD0A11EB963AEDEFDDD /* Pods_AppleSDKTips_AppleSDKTipsUITests.framework in Frameworks */,
			);
			runOnlyForDeploymentPostprocessing = 0;
		};
		AE05B72F2511738500100E1E /* Frameworks */ = {
			isa = PBXFrameworksBuildPhase;
			buildActionMask = 2147483647;
			files = (
				AE05B7302511738500100E1E /* PropertyListComponent.framework in Frameworks */,
				AE05B7312511738500100E1E /* Pods_AppleSDKTips.framework in Frameworks */,
				AE05B7322511738500100E1E /* FacebookLogin in Frameworks */,
				AE05B7332511738500100E1E /* FacebookCore in Frameworks */,
			);
			runOnlyForDeploymentPostprocessing = 0;
		};
/* End PBXFrameworksBuildPhase section */

/* Begin PBXGroup section */
		1820728AD7970814B74F679E /* Pods */ = {
			isa = PBXGroup;
			children = (
				3E491C33B34005C2C736E2E7 /* Pods-AppleSDKTips.debug.xcconfig */,
				BF45BF5491F10AF4AF68FD69 /* Pods-AppleSDKTips.release.xcconfig */,
				F60176633F148E08198A2E92 /* Pods-AppleSDKTips-AppleSDKTipsUITests.debug.xcconfig */,
				7D8857339530240312B931A6 /* Pods-AppleSDKTips-AppleSDKTipsUITests.release.xcconfig */,
				76F538E0EC6DD86CCB7C8C5A /* Pods-AppleSDKTipsTests.debug.xcconfig */,
				E76EC04D5B3D292774744A54 /* Pods-AppleSDKTipsTests.release.xcconfig */,
			);
			path = Pods;
			sourceTree = "<group>";
		};
		39145918246DF35100DBA269 /* Frameworks */ = {
			isa = PBXGroup;
			children = (
				F8730EF3C98280E63A492213 /* Pods_AppleSDKTips.framework */,
				45442FFF4C793CFDF88FDB87 /* Pods_AppleSDKTips_AppleSDKTipsUITests.framework */,
				D0EC59C586EB1A9548C7A0BB /* Pods_AppleSDKTipsTests.framework */,
			);
			name = Frameworks;
			sourceTree = "<group>";
		};
		391978632244B069006A3BFD /* WWW */ = {
			isa = PBXGroup;
			children = (
				3919785E2244B04F006A3BFD /* PropertyListComponent.framework */,
			);
			path = WWW;
			sourceTree = "<group>";
		};
		3919B1021F17AFBB00E44F0F /* DataSource */ = {
			isa = PBXGroup;
			children = (
				390178CC1DCC11870042D29A /* TopMenuListTableViewDataSource.swift */,
			);
			path = DataSource;
			sourceTree = "<group>";
		};
		3919B1031F17B03400E44F0F /* Presentation */ = {
			isa = PBXGroup;
			children = (
				39D0291F1DCD551500ADAE35 /* View */,
				39B499871DC7940900EDACB2 /* ViewController */,
			);
			path = Presentation;
			sourceTree = "<group>";
		};
		3919B1041F17B06200E44F0F /* Domain */ = {
			isa = PBXGroup;
			children = (
				39D029211DCD56ED00ADAE35 /* TopMenu */,
				39B4998C1DC7960000EDACB2 /* Entity */,
			);
			path = Domain;
			sourceTree = "<group>";
		};
		391C25AC21D526E000A9A631 /* Application */ = {
			isa = PBXGroup;
			children = (
				39B499581DC7922C00EDACB2 /* AppDelegate.swift */,
			);
			path = Application;
			sourceTree = "<group>";
		};
		394F21AD21DDF40D003F1E88 /* AVFoundation */ = {
			isa = PBXGroup;
			children = (
				394F21AE21DDF418003F1E88 /* BasicPlayback */,
			);
			path = AVFoundation;
			sourceTree = "<group>";
		};
		394F21AE21DDF418003F1E88 /* BasicPlayback */ = {
			isa = PBXGroup;
			children = (
				394F21B421DDF553003F1E88 /* README.md */,
				394F21B621DDF9D8003F1E88 /* BasicPlaybackViewController.swift */,
				394F21B221DDF445003F1E88 /* BasicPlaybackViewController.storyboard */,
			);
			path = BasicPlayback;
			sourceTree = "<group>";
		};
		394F21B821DE040B003F1E88 /* UIKit */ = {
			isa = PBXGroup;
			children = (
				AEAD9448251C174B00C0DCD1 /* CollectionViewSample */,
				AEAD9443251C151300C0DCD1 /* ScrollViewSample */,
			);
			path = UIKit;
			sourceTree = "<group>";
		};
		3953DB471E6B0E9E007BDD49 /* CollectionViewCell */ = {
			isa = PBXGroup;
			children = (
			);
			name = CollectionViewCell;
			sourceTree = "<group>";
		};
		397E13D7247AB65A00688DE2 /* SwiftUI-Tutorial1 */ = {
			isa = PBXGroup;
			children = (
				AE50B48124A55C1E003B9F3C /* DataSource */,
				AE7DFA362497C2E300C96C91 /* Resources */,
				AE7DFA352497C2DD00C96C91 /* Model */,
				AE7DFA342497C2D100C96C91 /* Views */,
			);
			path = "SwiftUI-Tutorial1";
			sourceTree = "<group>";
		};
		3988CBF71F179FAD00F29FA1 /* Framework */ = {
			isa = PBXGroup;
			children = (
				391C25AC21D526E000A9A631 /* Application */,
				3919B1021F17AFBB00E44F0F /* DataSource */,
				3919B1041F17B06200E44F0F /* Domain */,
				3919B1031F17B03400E44F0F /* Presentation */,
				39B499861DC7940100EDACB2 /* Resource */,
				391978632244B069006A3BFD /* WWW */,
			);
			path = Framework;
			sourceTree = "<group>";
		};
		3988CBF81F179FB500F29FA1 /* App */ = {
			isa = PBXGroup;
			children = (
				3988CBFA1F17A01800F29FA1 /* Presentation */,
				3988CBF91F17A00D00F29FA1 /* Resource */,
			);
			path = App;
			sourceTree = "<group>";
		};
		3988CBF91F17A00D00F29FA1 /* Resource */ = {
			isa = PBXGroup;
			children = (
				39B4995F1DC7922C00EDACB2 /* Assets.xcassets */,
				39B7A18F1DCB706E005DB322 /* topMenu.plist */,
			);
			path = Resource;
			sourceTree = "<group>";
		};
		3988CBFA1F17A01800F29FA1 /* Presentation */ = {
			isa = PBXGroup;
			children = (
				AED3B5742569CF3700C65B2A /* SwiftUI-Tutorial */,
				AED17B8224F72A7B00E76414 /* FacebookSDK */,
				397E13D7247AB65A00688DE2 /* SwiftUI-Tutorial1 */,
				394F21AD21DDF40D003F1E88 /* AVFoundation */,
				394F21B821DE040B003F1E88 /* UIKit */,
			);
			path = Presentation;
			sourceTree = "<group>";
		};
		399B04432243E3CC003B9ED5 /* TechnicalService */ = {
			isa = PBXGroup;
			children = (
				399B04442243E410003B9ED5 /* AppleSDKTipsTests-Bridging-Header.h */,
			);
			path = TechnicalService;
			sourceTree = "<group>";
		};
		39B4994C1DC7922C00EDACB2 = {
			isa = PBXGroup;
			children = (
				655B2EEAD5AC4B72B829DE8F /* AmplifyModels */,
				AB33BE1DB3A44982A01AFCD2 /* AmplifyConfig */,
				3914590F246DF31200DBA269 /* PropertyListComponent.xcodeproj */,
				399310791F17B93900EF33E6 /* README.md */,
				39B499571DC7922C00EDACB2 /* AppleSDKTips */,
				39B4996C1DC7922C00EDACB2 /* AppleSDKTipsTests */,
				39B499771DC7922C00EDACB2 /* AppleSDKTipsUITests */,
				39B499561DC7922C00EDACB2 /* Products */,
				39145918246DF35100DBA269 /* Frameworks */,
				1820728AD7970814B74F679E /* Pods */,
			);
			sourceTree = "<group>";
		};
		39B499561DC7922C00EDACB2 /* Products */ = {
			isa = PBXGroup;
			children = (
				39B499551DC7922C00EDACB2 /* AppleSDKTips.app */,
				39B499691DC7922C00EDACB2 /* AppleSDKTipsTests.xctest */,
				39B499741DC7922C00EDACB2 /* AppleSDKTipsUITests.xctest */,
				AE05B7492511738500100E1E /* AppleSDKTipsDev.app */,
			);
			name = Products;
			sourceTree = "<group>";
		};
		39B499571DC7922C00EDACB2 /* AppleSDKTips */ = {
			isa = PBXGroup;
			children = (
				397790862479E81500C2C6C3 /* AppleSDKTips.entitlements */,
				3988CBF71F179FAD00F29FA1 /* Framework */,
				3988CBF81F179FB500F29FA1 /* App */,
				39D029161DCCD17000ADAE35 /* AppleSDKTips-Bridging-Header.h */,
			);
			path = AppleSDKTips;
			sourceTree = "<group>";
		};
		39B4996C1DC7922C00EDACB2 /* AppleSDKTipsTests */ = {
			isa = PBXGroup;
			children = (
				AE50B47E24A4E567003B9F3C /* Model */,
				399B04432243E3CC003B9ED5 /* TechnicalService */,
				39B7A1941DCB8123005DB322 /* ModelController */,
				39B7A1911DCB75E8005DB322 /* Resource */,
			);
			path = AppleSDKTipsTests;
			sourceTree = "<group>";
		};
		39B499771DC7922C00EDACB2 /* AppleSDKTipsUITests */ = {
			isa = PBXGroup;
			children = (
				39B499781DC7922C00EDACB2 /* AppleSDKTipsUITests.swift */,
				39B4997A1DC7922C00EDACB2 /* Info.plist */,
			);
			path = AppleSDKTipsUITests;
			sourceTree = "<group>";
		};
		39B499861DC7940100EDACB2 /* Resource */ = {
			isa = PBXGroup;
			children = (
				39B499641DC7922C00EDACB2 /* Info.plist */,
				AE05B74D251173ED00100E1E /* Info-dev.plist */,
			);
			path = Resource;
			sourceTree = "<group>";
		};
		39B499871DC7940900EDACB2 /* ViewController */ = {
			isa = PBXGroup;
			children = (
				39A098841DCA494100046D54 /* TopMenuListViewController.swift */,
				390178CE1DCC13820042D29A /* TopMenuListViewControllerUITableViewDelegate.swift */,
			);
			path = ViewController;
			sourceTree = "<group>";
		};
		39B499891DC7943D00EDACB2 /* Storyboard */ = {
			isa = PBXGroup;
			children = (
				39B499611DC7922C00EDACB2 /* LaunchScreen.storyboard */,
				39B4995C1DC7922C00EDACB2 /* Main.storyboard */,
			);
			path = Storyboard;
			sourceTree = "<group>";
		};
		39B4998C1DC7960000EDACB2 /* Entity */ = {
			isa = PBXGroup;
			children = (
				39B4998D1DC7964800EDACB2 /* TopMenuEntity.swift */,
			);
			path = Entity;
			sourceTree = "<group>";
		};
		39B7A1911DCB75E8005DB322 /* Resource */ = {
			isa = PBXGroup;
			children = (
				39B4996F1DC7922C00EDACB2 /* Info.plist */,
				39B7A1921DCB7630005DB322 /* topMenuTest.plist */,
			);
			path = Resource;
			sourceTree = "<group>";
		};
		39B7A1941DCB8123005DB322 /* ModelController */ = {
			isa = PBXGroup;
			children = (
				39A098821DCA3EE200046D54 /* TopMenuListTests.swift */,
			);
			path = ModelController;
			sourceTree = "<group>";
		};
		39BA76C41E968A7500810E47 /* ScrollView */ = {
			isa = PBXGroup;
			children = (
			);
			name = ScrollView;
			sourceTree = "<group>";
		};
		39BA76C71E968DF900810E47 /* Xib */ = {
			isa = PBXGroup;
			children = (
			);
			name = Xib;
			sourceTree = "<group>";
		};
		39D029101DCCC19E00ADAE35 /* TableViewCell */ = {
			isa = PBXGroup;
			children = (
				39D029111DCCC22300ADAE35 /* TopMenuListTableViewCell.swift */,
			);
			path = TableViewCell;
			sourceTree = "<group>";
		};
		39D0291F1DCD551500ADAE35 /* View */ = {
			isa = PBXGroup;
			children = (
				39BA76C71E968DF900810E47 /* Xib */,
				39BA76C41E968A7500810E47 /* ScrollView */,
				3953DB471E6B0E9E007BDD49 /* CollectionViewCell */,
				39D029101DCCC19E00ADAE35 /* TableViewCell */,
				39B499891DC7943D00EDACB2 /* Storyboard */,
			);
			path = View;
			sourceTree = "<group>";
		};
		39D029211DCD56ED00ADAE35 /* TopMenu */ = {
			isa = PBXGroup;
			children = (
				39D0291B1DCCD88000ADAE35 /* TopMenuList.h */,
				39D0291C1DCCD88000ADAE35 /* TopMenuList.m */,
			);
			path = TopMenu;
			sourceTree = "<group>";
		};
		655B2EEAD5AC4B72B829DE8F /* AmplifyModels */ = {
			isa = PBXGroup;
			children = (
				899C6886F0F940F1B591AFC0 /* AmplifyModels.swift */,
				E8379B042C12474B90B32597 /* Priority.swift */,
				7439AB21683C481C85721B40 /* Todo.swift */,
				68756D9721194E7B832577AC /* Todo+Schema.swift */,
			);
			name = AmplifyModels;
			path = .;
			sourceTree = "<group>";
		};
		AB33BE1DB3A44982A01AFCD2 /* AmplifyConfig */ = {
			isa = PBXGroup;
			children = (
				519C5BB9B36C43A0AC3E2E1A /* amplifytools.xcconfig */,
				754630730C3347E38A063533 /* amplifyconfiguration.json */,
				090CA59BC19C4245AC349163 /* awsconfiguration.json */,
				266A205776F24025BD973933 /* schema.graphql */,
			);
			name = AmplifyConfig;
			path = .;
			sourceTree = "<group>";
		};
		AE50B47E24A4E567003B9F3C /* Model */ = {
			isa = PBXGroup;
			children = (
			);
			path = Model;
			sourceTree = "<group>";
		};
		AE50B48124A55C1E003B9F3C /* DataSource */ = {
			isa = PBXGroup;
			children = (
				AE50B48224A55C59003B9F3C /* ImageDataSource.swift */,
			);
			path = DataSource;
			sourceTree = "<group>";
		};
		AE7DFA342497C2D100C96C91 /* Views */ = {
			isa = PBXGroup;
			children = (
				397E1417247ABE1700688DE2 /* LandmarkDetailView.swift */,
				AED3B56B2568F41A00C65B2A /* LandmarkRowView.swift */,
				397E1419247AC5CE00688DE2 /* CircleImageView.swift */,
				39E3AB9D2485347500B3ED15 /* SomeMapView.swift */,
			);
			path = Views;
			sourceTree = "<group>";
		};
		AE7DFA352497C2DD00C96C91 /* Model */ = {
			isa = PBXGroup;
			children = (
				AE7DFA3B2497CC0C00C96C91 /* Landmark.swift */,
			);
			path = Model;
			sourceTree = "<group>";
		};
		AE7DFA362497C2E300C96C91 /* Resources */ = {
			isa = PBXGroup;
			children = (
				AE7DFA302497BD8C00C96C91 /* tutorial1.json */,
			);
			path = Resources;
			sourceTree = "<group>";
		};
		AEAD9443251C151300C0DCD1 /* ScrollViewSample */ = {
			isa = PBXGroup;
			children = (
				39BA76C01E9687AE00810E47 /* ZoomingSample1ViewController.swift */,
				39BA76C51E968A9B00810E47 /* ZoomingSample1ScrollView.swift */,
				39BA76CC1E9691F700810E47 /* ZoomingSample1ScrollView.xib */,
				39BA76C21E9687F000810E47 /* ZoomingSample1ViewController.storyboard */,
			);
			path = ScrollViewSample;
			sourceTree = "<group>";
		};
		AEAD9448251C174B00C0DCD1 /* CollectionViewSample */ = {
			isa = PBXGroup;
			children = (
				3953DB451E6B09D4007BDD49 /* CollectionView1ViewController.swift */,
				3953DB481E6B0ECB007BDD49 /* CollectionView1Cell.swift */,
				3953DB431E6B0951007BDD49 /* CollectionView1ViewController.storyboard */,
			);
			path = CollectionViewSample;
			sourceTree = "<group>";
		};
		AED17B8224F72A7B00E76414 /* FacebookSDK */ = {
			isa = PBXGroup;
			children = (
				AED17B8524F72AB500E76414 /* SimpleLogin */,
			);
			path = FacebookSDK;
			sourceTree = "<group>";
		};
		AED17B8524F72AB500E76414 /* SimpleLogin */ = {
			isa = PBXGroup;
			children = (
				AED17B8824F72B0700E76414 /* FacebookSimpleLoginViewController.swift */,
				AED17B8624F72ADD00E76414 /* FacebookSimpleLoginViewController.storyboard */,
			);
			path = SimpleLogin;
			sourceTree = "<group>";
		};
		AED3B5742569CF3700C65B2A /* SwiftUI-Tutorial */ = {
			isa = PBXGroup;
			children = (
				AED3B5752569CF6100C65B2A /* Creating-and-Combining-Views */,
			);
			path = "SwiftUI-Tutorial";
			sourceTree = "<group>";
		};
		AED3B5752569CF6100C65B2A /* Creating-and-Combining-Views */ = {
			isa = PBXGroup;
			children = (
				AED3B5B02569D02E00C65B2A /* LandmarksSwiftUIView.swift */,
			);
			path = "Creating-and-Combining-Views";
			sourceTree = "<group>";
		};
		AEE3CD7E24951B4400C9AA9D /* Products */ = {
			isa = PBXGroup;
			children = (
				AEE3CD8324951B4400C9AA9D /* PropertyListComponent.framework */,
				AEE3CD8524951B4400C9AA9D /* PropertyListComponentTests.xctest */,
			);
			name = Products;
			sourceTree = "<group>";
		};
/* End PBXGroup section */

/* Begin PBXNativeTarget section */
		39B499541DC7922C00EDACB2 /* AppleSDKTips */ = {
			isa = PBXNativeTarget;
			buildConfigurationList = 39B4997D1DC7922C00EDACB2 /* Build configuration list for PBXNativeTarget "AppleSDKTips" */;
			buildPhases = (
				1A0B58B717202FADB1FE1EDC /* [CP] Check Pods Manifest.lock */,
				39DC85C0247F9C3300C25F5B /* Run Amplify Tools */,
				39B499511DC7922C00EDACB2 /* Sources */,
				39B499521DC7922C00EDACB2 /* Frameworks */,
				39B499531DC7922C00EDACB2 /* Resources */,
				39D3E2A0246DF3D500F05DB3 /* Embed Frameworks */,
				56E6061218B79A1B6454BFF3 /* [CP] Embed Pods Frameworks */,
			);
			buildRules = (
			);
			dependencies = (
			);
			name = AppleSDKTips;
			packageProductDependencies = (
				AE68254E24F4847800B6A35A /* FacebookLogin */,
				AE68255024F4847800B6A35A /* FacebookCore */,
			);
			productName = AppleSDKTips;
			productReference = 39B499551DC7922C00EDACB2 /* AppleSDKTips.app */;
			productType = "com.apple.product-type.application";
		};
		39B499681DC7922C00EDACB2 /* AppleSDKTipsTests */ = {
			isa = PBXNativeTarget;
			buildConfigurationList = 39B499801DC7922C00EDACB2 /* Build configuration list for PBXNativeTarget "AppleSDKTipsTests" */;
			buildPhases = (
				600106750C419400E996670E /* [CP] Check Pods Manifest.lock */,
				39B499651DC7922C00EDACB2 /* Sources */,
				39B499661DC7922C00EDACB2 /* Frameworks */,
				39B499671DC7922C00EDACB2 /* Resources */,
			);
			buildRules = (
			);
			dependencies = (
				39B4996B1DC7922C00EDACB2 /* PBXTargetDependency */,
			);
			name = AppleSDKTipsTests;
			productName = AppleSDKTipsTests;
			productReference = 39B499691DC7922C00EDACB2 /* AppleSDKTipsTests.xctest */;
			productType = "com.apple.product-type.bundle.unit-test";
		};
		39B499731DC7922C00EDACB2 /* AppleSDKTipsUITests */ = {
			isa = PBXNativeTarget;
			buildConfigurationList = 39B499831DC7922C00EDACB2 /* Build configuration list for PBXNativeTarget "AppleSDKTipsUITests" */;
			buildPhases = (
				95C5C829FB5F2ECCCB674A3C /* [CP] Check Pods Manifest.lock */,
				39B499701DC7922C00EDACB2 /* Sources */,
				39B499711DC7922C00EDACB2 /* Frameworks */,
				39B499721DC7922C00EDACB2 /* Resources */,
				CE450EEE8FFE858BEA818190 /* [CP] Embed Pods Frameworks */,
			);
			buildRules = (
			);
			dependencies = (
				39B499761DC7922C00EDACB2 /* PBXTargetDependency */,
			);
			name = AppleSDKTipsUITests;
			productName = AppleSDKTipsUITests;
			productReference = 39B499741DC7922C00EDACB2 /* AppleSDKTipsUITests.xctest */;
			productType = "com.apple.product-type.bundle.ui-testing";
		};
		AE05B7112511738500100E1E /* AppleSDKTipsDev */ = {
			isa = PBXNativeTarget;
			buildConfigurationList = AE05B7462511738500100E1E /* Build configuration list for PBXNativeTarget "AppleSDKTipsDev" */;
			buildPhases = (
				AE05B7152511738500100E1E /* [CP] Check Pods Manifest.lock */,
				AE05B7162511738500100E1E /* Run Amplify Tools */,
				AE05B7172511738500100E1E /* Sources */,
				AE05B72F2511738500100E1E /* Frameworks */,
				AE05B7342511738500100E1E /* Resources */,
				AE05B7432511738500100E1E /* Embed Frameworks */,
				AE05B7452511738500100E1E /* [CP] Embed Pods Frameworks */,
			);
			buildRules = (
			);
			dependencies = (
			);
			name = AppleSDKTipsDev;
			packageProductDependencies = (
				AE05B7122511738500100E1E /* FacebookLogin */,
				AE05B7142511738500100E1E /* FacebookCore */,
			);
			productName = AppleSDKTips;
			productReference = AE05B7492511738500100E1E /* AppleSDKTipsDev.app */;
			productType = "com.apple.product-type.application";
		};
/* End PBXNativeTarget section */

/* Begin PBXProject section */
		39B4994D1DC7922C00EDACB2 /* Project object */ = {
			isa = PBXProject;
			attributes = {
				LastSwiftUpdateCheck = 810;
				LastUpgradeCheck = 1140;
				ORGANIZATIONNAME = imaxyz;
				TargetAttributes = {
					39B499541DC7922C00EDACB2 = {
						CreatedOnToolsVersion = 8.1;
						LastSwiftMigration = 1140;
						ProvisioningStyle = Automatic;
					};
					39B499681DC7922C00EDACB2 = {
						CreatedOnToolsVersion = 8.1;
						DevelopmentTeam = KCQC4QP985;
						LastSwiftMigration = 1140;
						ProvisioningStyle = Automatic;
						TestTargetID = 39B499541DC7922C00EDACB2;
					};
					39B499731DC7922C00EDACB2 = {
						CreatedOnToolsVersion = 8.1;
						DevelopmentTeam = KCQC4QP985;
						LastSwiftMigration = 1140;
						ProvisioningStyle = Automatic;
						TestTargetID = 39B499541DC7922C00EDACB2;
					};
				};
			};
			buildConfigurationList = 39B499501DC7922C00EDACB2 /* Build configuration list for PBXProject "AppleSDKTips" */;
			compatibilityVersion = "Xcode 11.4";
			developmentRegion = en;
			hasScannedForEncodings = 0;
			knownRegions = (
				en,
				Base,
			);
			mainGroup = 39B4994C1DC7922C00EDACB2;
			packageReferences = (
				AE68254D24F4847800B6A35A /* XCRemoteSwiftPackageReference "facebook-ios-sdk" */,
			);
			productRefGroup = 39B499561DC7922C00EDACB2 /* Products */;
			projectDirPath = "";
			projectReferences = (
				{
					ProductGroup = AEE3CD7E24951B4400C9AA9D /* Products */;
					ProjectRef = 3914590F246DF31200DBA269 /* PropertyListComponent.xcodeproj */;
				},
			);
			projectRoot = "";
			targets = (
				39B499541DC7922C00EDACB2 /* AppleSDKTips */,
				AE05B7112511738500100E1E /* AppleSDKTipsDev */,
				39B499681DC7922C00EDACB2 /* AppleSDKTipsTests */,
				39B499731DC7922C00EDACB2 /* AppleSDKTipsUITests */,
			);
		};
/* End PBXProject section */

/* Begin PBXReferenceProxy section */
		AEE3CD8324951B4400C9AA9D /* PropertyListComponent.framework */ = {
			isa = PBXReferenceProxy;
			fileType = wrapper.framework;
			path = PropertyListComponent.framework;
			remoteRef = AEE3CD8224951B4400C9AA9D /* PBXContainerItemProxy */;
			sourceTree = BUILT_PRODUCTS_DIR;
		};
		AEE3CD8524951B4400C9AA9D /* PropertyListComponentTests.xctest */ = {
			isa = PBXReferenceProxy;
			fileType = wrapper.cfbundle;
			path = PropertyListComponentTests.xctest;
			remoteRef = AEE3CD8424951B4400C9AA9D /* PBXContainerItemProxy */;
			sourceTree = BUILT_PRODUCTS_DIR;
		};
/* End PBXReferenceProxy section */

/* Begin PBXResourcesBuildPhase section */
		39B499531DC7922C00EDACB2 /* Resources */ = {
			isa = PBXResourcesBuildPhase;
			buildActionMask = 2147483647;
			files = (
				3953DB441E6B0951007BDD49 /* CollectionView1ViewController.storyboard in Resources */,
				AED17B8724F72ADD00E76414 /* FacebookSimpleLoginViewController.storyboard in Resources */,
				39BA76C31E9687F000810E47 /* ZoomingSample1ViewController.storyboard in Resources */,
				394F21B521DDF553003F1E88 /* README.md in Resources */,
				39B499631DC7922C00EDACB2 /* LaunchScreen.storyboard in Resources */,
				39B499601DC7922C00EDACB2 /* Assets.xcassets in Resources */,
				AE7DFA332497BD8C00C96C91 /* tutorial1.json in Resources */,
				39BA76CD1E9691F700810E47 /* ZoomingSample1ScrollView.xib in Resources */,
				39B4995E1DC7922C00EDACB2 /* Main.storyboard in Resources */,
				39B7A1901DCB706E005DB322 /* topMenu.plist in Resources */,
				394F21B321DDF445003F1E88 /* BasicPlaybackViewController.storyboard in Resources */,
				89CF760182F841CAA80FC598 /* amplifyconfiguration.json in Resources */,
				8E94BB7AF4A8488B9CC52205 /* awsconfiguration.json in Resources */,
			);
			runOnlyForDeploymentPostprocessing = 0;
		};
		39B499671DC7922C00EDACB2 /* Resources */ = {
			isa = PBXResourcesBuildPhase;
			buildActionMask = 2147483647;
			files = (
				39B7A1931DCB7630005DB322 /* topMenuTest.plist in Resources */,
			);
			runOnlyForDeploymentPostprocessing = 0;
		};
		39B499721DC7922C00EDACB2 /* Resources */ = {
			isa = PBXResourcesBuildPhase;
			buildActionMask = 2147483647;
			files = (
			);
			runOnlyForDeploymentPostprocessing = 0;
		};
		AE05B7342511738500100E1E /* Resources */ = {
			isa = PBXResourcesBuildPhase;
			buildActionMask = 2147483647;
			files = (
				AE05B7352511738500100E1E /* CollectionView1ViewController.storyboard in Resources */,
				AE05B7362511738500100E1E /* FacebookSimpleLoginViewController.storyboard in Resources */,
				AE05B7372511738500100E1E /* ZoomingSample1ViewController.storyboard in Resources */,
				AE05B7382511738500100E1E /* README.md in Resources */,
				AE05B7392511738500100E1E /* LaunchScreen.storyboard in Resources */,
				AE05B73A2511738500100E1E /* Assets.xcassets in Resources */,
				AE05B74E251173ED00100E1E /* Info-dev.plist in Resources */,
				AE05B73C2511738500100E1E /* tutorial1.json in Resources */,
				AE05B73D2511738500100E1E /* ZoomingSample1ScrollView.xib in Resources */,
				AE05B73E2511738500100E1E /* Main.storyboard in Resources */,
				AE05B73F2511738500100E1E /* topMenu.plist in Resources */,
				AE05B7402511738500100E1E /* BasicPlaybackViewController.storyboard in Resources */,
				AE05B7412511738500100E1E /* amplifyconfiguration.json in Resources */,
				AE05B7422511738500100E1E /* awsconfiguration.json in Resources */,
			);
			runOnlyForDeploymentPostprocessing = 0;
		};
/* End PBXResourcesBuildPhase section */

/* Begin PBXShellScriptBuildPhase section */
		1A0B58B717202FADB1FE1EDC /* [CP] Check Pods Manifest.lock */ = {
			isa = PBXShellScriptBuildPhase;
			buildActionMask = 2147483647;
			files = (
			);
			inputFileListPaths = (
			);
			inputPaths = (
				"${PODS_PODFILE_DIR_PATH}/Podfile.lock",
				"${PODS_ROOT}/Manifest.lock",
			);
			name = "[CP] Check Pods Manifest.lock";
			outputFileListPaths = (
			);
			outputPaths = (
				"$(DERIVED_FILE_DIR)/Pods-AppleSDKTips-checkManifestLockResult.txt",
			);
			runOnlyForDeploymentPostprocessing = 0;
			shellPath = /bin/sh;
			shellScript = "diff \"${PODS_PODFILE_DIR_PATH}/Podfile.lock\" \"${PODS_ROOT}/Manifest.lock\" > /dev/null\nif [ $? != 0 ] ; then\n    # print error to STDERR\n    echo \"error: The sandbox is not in sync with the Podfile.lock. Run 'pod install' or update your CocoaPods installation.\" >&2\n    exit 1\nfi\n# This output is used by Xcode 'outputs' to avoid re-running this script phase.\necho \"SUCCESS\" > \"${SCRIPT_OUTPUT_FILE_0}\"\n";
			showEnvVarsInLog = 0;
		};
		39DC85C0247F9C3300C25F5B /* Run Amplify Tools */ = {
			isa = PBXShellScriptBuildPhase;
			buildActionMask = 2147483647;
			files = (
			);
			inputFileListPaths = (
			);
			inputPaths = (
			);
			name = "Run Amplify Tools";
			outputFileListPaths = (
			);
			outputPaths = (
			);
			runOnlyForDeploymentPostprocessing = 0;
			shellPath = /bin/sh;
			shellScript = "# Type a script or drag a script file from your workspace to insert its path.\n${PODS_ROOT}/AmplifyTools/amplify-tools.sh\n";
		};
		56E6061218B79A1B6454BFF3 /* [CP] Embed Pods Frameworks */ = {
			isa = PBXShellScriptBuildPhase;
			buildActionMask = 2147483647;
			files = (
			);
			inputFileListPaths = (
				"${PODS_ROOT}/Target Support Files/Pods-AppleSDKTips/Pods-AppleSDKTips-frameworks-${CONFIGURATION}-input-files.xcfilelist",
			);
			name = "[CP] Embed Pods Frameworks";
			outputFileListPaths = (
				"${PODS_ROOT}/Target Support Files/Pods-AppleSDKTips/Pods-AppleSDKTips-frameworks-${CONFIGURATION}-output-files.xcfilelist",
			);
			runOnlyForDeploymentPostprocessing = 0;
			shellPath = /bin/sh;
			shellScript = "\"${PODS_ROOT}/Target Support Files/Pods-AppleSDKTips/Pods-AppleSDKTips-frameworks.sh\"\n";
			showEnvVarsInLog = 0;
		};
		600106750C419400E996670E /* [CP] Check Pods Manifest.lock */ = {
			isa = PBXShellScriptBuildPhase;
			buildActionMask = 2147483647;
			files = (
			);
			inputFileListPaths = (
			);
			inputPaths = (
				"${PODS_PODFILE_DIR_PATH}/Podfile.lock",
				"${PODS_ROOT}/Manifest.lock",
			);
			name = "[CP] Check Pods Manifest.lock";
			outputFileListPaths = (
			);
			outputPaths = (
				"$(DERIVED_FILE_DIR)/Pods-AppleSDKTipsTests-checkManifestLockResult.txt",
			);
			runOnlyForDeploymentPostprocessing = 0;
			shellPath = /bin/sh;
			shellScript = "diff \"${PODS_PODFILE_DIR_PATH}/Podfile.lock\" \"${PODS_ROOT}/Manifest.lock\" > /dev/null\nif [ $? != 0 ] ; then\n    # print error to STDERR\n    echo \"error: The sandbox is not in sync with the Podfile.lock. Run 'pod install' or update your CocoaPods installation.\" >&2\n    exit 1\nfi\n# This output is used by Xcode 'outputs' to avoid re-running this script phase.\necho \"SUCCESS\" > \"${SCRIPT_OUTPUT_FILE_0}\"\n";
			showEnvVarsInLog = 0;
		};
		95C5C829FB5F2ECCCB674A3C /* [CP] Check Pods Manifest.lock */ = {
			isa = PBXShellScriptBuildPhase;
			buildActionMask = 2147483647;
			files = (
			);
			inputFileListPaths = (
			);
			inputPaths = (
				"${PODS_PODFILE_DIR_PATH}/Podfile.lock",
				"${PODS_ROOT}/Manifest.lock",
			);
			name = "[CP] Check Pods Manifest.lock";
			outputFileListPaths = (
			);
			outputPaths = (
				"$(DERIVED_FILE_DIR)/Pods-AppleSDKTips-AppleSDKTipsUITests-checkManifestLockResult.txt",
			);
			runOnlyForDeploymentPostprocessing = 0;
			shellPath = /bin/sh;
			shellScript = "diff \"${PODS_PODFILE_DIR_PATH}/Podfile.lock\" \"${PODS_ROOT}/Manifest.lock\" > /dev/null\nif [ $? != 0 ] ; then\n    # print error to STDERR\n    echo \"error: The sandbox is not in sync with the Podfile.lock. Run 'pod install' or update your CocoaPods installation.\" >&2\n    exit 1\nfi\n# This output is used by Xcode 'outputs' to avoid re-running this script phase.\necho \"SUCCESS\" > \"${SCRIPT_OUTPUT_FILE_0}\"\n";
			showEnvVarsInLog = 0;
		};
		AE05B7152511738500100E1E /* [CP] Check Pods Manifest.lock */ = {
			isa = PBXShellScriptBuildPhase;
			buildActionMask = 2147483647;
			files = (
			);
			inputFileListPaths = (
			);
			inputPaths = (
				"${PODS_PODFILE_DIR_PATH}/Podfile.lock",
				"${PODS_ROOT}/Manifest.lock",
			);
			name = "[CP] Check Pods Manifest.lock";
			outputFileListPaths = (
			);
			outputPaths = (
				"$(DERIVED_FILE_DIR)/Pods-AppleSDKTips-checkManifestLockResult.txt",
			);
			runOnlyForDeploymentPostprocessing = 0;
			shellPath = /bin/sh;
			shellScript = "diff \"${PODS_PODFILE_DIR_PATH}/Podfile.lock\" \"${PODS_ROOT}/Manifest.lock\" > /dev/null\nif [ $? != 0 ] ; then\n    # print error to STDERR\n    echo \"error: The sandbox is not in sync with the Podfile.lock. Run 'pod install' or update your CocoaPods installation.\" >&2\n    exit 1\nfi\n# This output is used by Xcode 'outputs' to avoid re-running this script phase.\necho \"SUCCESS\" > \"${SCRIPT_OUTPUT_FILE_0}\"\n";
			showEnvVarsInLog = 0;
		};
		AE05B7162511738500100E1E /* Run Amplify Tools */ = {
			isa = PBXShellScriptBuildPhase;
			buildActionMask = 2147483647;
			files = (
			);
			inputFileListPaths = (
			);
			inputPaths = (
			);
			name = "Run Amplify Tools";
			outputFileListPaths = (
			);
			outputPaths = (
			);
			runOnlyForDeploymentPostprocessing = 0;
			shellPath = /bin/sh;
			shellScript = "# Type a script or drag a script file from your workspace to insert its path.\n${PODS_ROOT}/AmplifyTools/amplify-tools.sh\n";
		};
		AE05B7452511738500100E1E /* [CP] Embed Pods Frameworks */ = {
			isa = PBXShellScriptBuildPhase;
			buildActionMask = 2147483647;
			files = (
			);
			inputFileListPaths = (
				"${PODS_ROOT}/Target Support Files/Pods-AppleSDKTips/Pods-AppleSDKTips-frameworks-${CONFIGURATION}-input-files.xcfilelist",
			);
			name = "[CP] Embed Pods Frameworks";
			outputFileListPaths = (
				"${PODS_ROOT}/Target Support Files/Pods-AppleSDKTips/Pods-AppleSDKTips-frameworks-${CONFIGURATION}-output-files.xcfilelist",
			);
			runOnlyForDeploymentPostprocessing = 0;
			shellPath = /bin/sh;
			shellScript = "\"${PODS_ROOT}/Target Support Files/Pods-AppleSDKTips/Pods-AppleSDKTips-frameworks.sh\"\n";
			showEnvVarsInLog = 0;
		};
		CE450EEE8FFE858BEA818190 /* [CP] Embed Pods Frameworks */ = {
			isa = PBXShellScriptBuildPhase;
			buildActionMask = 2147483647;
			files = (
			);
			inputFileListPaths = (
				"${PODS_ROOT}/Target Support Files/Pods-AppleSDKTips-AppleSDKTipsUITests/Pods-AppleSDKTips-AppleSDKTipsUITests-frameworks-${CONFIGURATION}-input-files.xcfilelist",
			);
			name = "[CP] Embed Pods Frameworks";
			outputFileListPaths = (
				"${PODS_ROOT}/Target Support Files/Pods-AppleSDKTips-AppleSDKTipsUITests/Pods-AppleSDKTips-AppleSDKTipsUITests-frameworks-${CONFIGURATION}-output-files.xcfilelist",
			);
			runOnlyForDeploymentPostprocessing = 0;
			shellPath = /bin/sh;
			shellScript = "\"${PODS_ROOT}/Target Support Files/Pods-AppleSDKTips-AppleSDKTipsUITests/Pods-AppleSDKTips-AppleSDKTipsUITests-frameworks.sh\"\n";
			showEnvVarsInLog = 0;
		};
/* End PBXShellScriptBuildPhase section */

/* Begin PBXSourcesBuildPhase section */
		39B499511DC7922C00EDACB2 /* Sources */ = {
			isa = PBXSourcesBuildPhase;
			buildActionMask = 2147483647;
			files = (
				39D0291D1DCCD88000ADAE35 /* TopMenuList.m in Sources */,
				3953DB491E6B0ECB007BDD49 /* CollectionView1Cell.swift in Sources */,
				AE50B48324A55C59003B9F3C /* ImageDataSource.swift in Sources */,
				397E141A247AC5CE00688DE2 /* CircleImageView.swift in Sources */,
				AED17B8924F72B0700E76414 /* FacebookSimpleLoginViewController.swift in Sources */,
				AED3B56E2568F41A00C65B2A /* LandmarkRowView.swift in Sources */,
				39BA76C11E9687AE00810E47 /* ZoomingSample1ViewController.swift in Sources */,
				39BA76C61E968A9B00810E47 /* ZoomingSample1ScrollView.swift in Sources */,
				39A098851DCA494100046D54 /* TopMenuListViewController.swift in Sources */,
				39B499591DC7922C00EDACB2 /* AppDelegate.swift in Sources */,
				39E3AB9E2485347500B3ED15 /* SomeMapView.swift in Sources */,
				390178CD1DCC11870042D29A /* TopMenuListTableViewDataSource.swift in Sources */,
				3953DB461E6B09D4007BDD49 /* CollectionView1ViewController.swift in Sources */,
				390178CF1DCC13820042D29A /* TopMenuListViewControllerUITableViewDelegate.swift in Sources */,
				397E1418247ABE1700688DE2 /* LandmarkDetailView.swift in Sources */,
				39D029121DCCC22300ADAE35 /* TopMenuListTableViewCell.swift in Sources */,
				AED3B5B12569D02E00C65B2A /* LandmarksSwiftUIView.swift in Sources */,
				AE7DFA3C2497CC0C00C96C91 /* Landmark.swift in Sources */,
				394F21B721DDF9D8003F1E88 /* BasicPlaybackViewController.swift in Sources */,
				39B4998E1DC7964800EDACB2 /* TopMenuEntity.swift in Sources */,
				C5B064646F964C66917794B4 /* AmplifyModels.swift in Sources */,
				E09F5E7E8B7F406DA3558875 /* Priority.swift in Sources */,
				3375BF41BAAB4D569E327FF7 /* Todo.swift in Sources */,
				B2CFADB706FA43D68E2DF392 /* Todo+Schema.swift in Sources */,
			);
			runOnlyForDeploymentPostprocessing = 0;
		};
		39B499651DC7922C00EDACB2 /* Sources */ = {
			isa = PBXSourcesBuildPhase;
			buildActionMask = 2147483647;
			files = (
				39A098831DCA3EE200046D54 /* TopMenuListTests.swift in Sources */,
			);
			runOnlyForDeploymentPostprocessing = 0;
		};
		39B499701DC7922C00EDACB2 /* Sources */ = {
			isa = PBXSourcesBuildPhase;
			buildActionMask = 2147483647;
			files = (
				39B499791DC7922C00EDACB2 /* AppleSDKTipsUITests.swift in Sources */,
			);
			runOnlyForDeploymentPostprocessing = 0;
		};
		AE05B7172511738500100E1E /* Sources */ = {
			isa = PBXSourcesBuildPhase;
			buildActionMask = 2147483647;
			files = (
				AE05B7182511738500100E1E /* TopMenuList.m in Sources */,
				AE05B7192511738500100E1E /* CollectionView1Cell.swift in Sources */,
				AE05B71A2511738500100E1E /* ImageDataSource.swift in Sources */,
				AE05B71B2511738500100E1E /* CircleImageView.swift in Sources */,
				AE05B71C2511738500100E1E /* FacebookSimpleLoginViewController.swift in Sources */,
				AE05B71E2511738500100E1E /* ZoomingSample1ViewController.swift in Sources */,
				AE05B71F2511738500100E1E /* ZoomingSample1ScrollView.swift in Sources */,
				AE05B7202511738500100E1E /* TopMenuListViewController.swift in Sources */,
				AED3B5B22569D02E00C65B2A /* LandmarksSwiftUIView.swift in Sources */,
				AE05B7212511738500100E1E /* AppDelegate.swift in Sources */,
				AE05B7222511738500100E1E /* SomeMapView.swift in Sources */,
				AE05B7232511738500100E1E /* TopMenuListTableViewDataSource.swift in Sources */,
				AE05B7242511738500100E1E /* CollectionView1ViewController.swift in Sources */,
				AE05B7252511738500100E1E /* TopMenuListViewControllerUITableViewDelegate.swift in Sources */,
				AE05B7262511738500100E1E /* LandmarkDetailView.swift in Sources */,
				AE05B7272511738500100E1E /* TopMenuListTableViewCell.swift in Sources */,
				AE05B7282511738500100E1E /* Landmark.swift in Sources */,
				AE05B7292511738500100E1E /* BasicPlaybackViewController.swift in Sources */,
				AE05B72A2511738500100E1E /* TopMenuEntity.swift in Sources */,
				AE05B72B2511738500100E1E /* AmplifyModels.swift in Sources */,
				AE05B72C2511738500100E1E /* Priority.swift in Sources */,
				AE05B72D2511738500100E1E /* Todo.swift in Sources */,
				AE05B72E2511738500100E1E /* Todo+Schema.swift in Sources */,
			);
			runOnlyForDeploymentPostprocessing = 0;
		};
/* End PBXSourcesBuildPhase section */

/* Begin PBXTargetDependency section */
		39B4996B1DC7922C00EDACB2 /* PBXTargetDependency */ = {
			isa = PBXTargetDependency;
			target = 39B499541DC7922C00EDACB2 /* AppleSDKTips */;
			targetProxy = 39B4996A1DC7922C00EDACB2 /* PBXContainerItemProxy */;
		};
		39B499761DC7922C00EDACB2 /* PBXTargetDependency */ = {
			isa = PBXTargetDependency;
			target = 39B499541DC7922C00EDACB2 /* AppleSDKTips */;
			targetProxy = 39B499751DC7922C00EDACB2 /* PBXContainerItemProxy */;
		};
/* End PBXTargetDependency section */

/* Begin PBXVariantGroup section */
		39B4995C1DC7922C00EDACB2 /* Main.storyboard */ = {
			isa = PBXVariantGroup;
			children = (
				39B4995D1DC7922C00EDACB2 /* Base */,
			);
			name = Main.storyboard;
			path = .;
			sourceTree = "<group>";
		};
		39B499611DC7922C00EDACB2 /* LaunchScreen.storyboard */ = {
			isa = PBXVariantGroup;
			children = (
				39B499621DC7922C00EDACB2 /* Base */,
			);
			name = LaunchScreen.storyboard;
			path = .;
			sourceTree = "<group>";
		};
/* End PBXVariantGroup section */

/* Begin XCBuildConfiguration section */
		39B4997B1DC7922C00EDACB2 /* Debug */ = {
			isa = XCBuildConfiguration;
			buildSettings = {
				ALWAYS_SEARCH_USER_PATHS = NO;
				CLANG_ANALYZER_LOCALIZABILITY_NONLOCALIZED = YES;
				CLANG_ANALYZER_NONNULL = YES;
				CLANG_CXX_LANGUAGE_STANDARD = "gnu++0x";
				CLANG_CXX_LIBRARY = "libc++";
				CLANG_ENABLE_MODULES = YES;
				CLANG_ENABLE_OBJC_ARC = YES;
				CLANG_WARN_BLOCK_CAPTURE_AUTORELEASING = YES;
				CLANG_WARN_BOOL_CONVERSION = YES;
				CLANG_WARN_COMMA = YES;
				CLANG_WARN_CONSTANT_CONVERSION = YES;
				CLANG_WARN_DEPRECATED_OBJC_IMPLEMENTATIONS = YES;
				CLANG_WARN_DIRECT_OBJC_ISA_USAGE = YES_ERROR;
				CLANG_WARN_DOCUMENTATION_COMMENTS = YES;
				CLANG_WARN_EMPTY_BODY = YES;
				CLANG_WARN_ENUM_CONVERSION = YES;
				CLANG_WARN_INFINITE_RECURSION = YES;
				CLANG_WARN_INT_CONVERSION = YES;
				CLANG_WARN_NON_LITERAL_NULL_CONVERSION = YES;
				CLANG_WARN_OBJC_IMPLICIT_RETAIN_SELF = YES;
				CLANG_WARN_OBJC_LITERAL_CONVERSION = YES;
				CLANG_WARN_OBJC_ROOT_CLASS = YES_ERROR;
				CLANG_WARN_RANGE_LOOP_ANALYSIS = YES;
				CLANG_WARN_STRICT_PROTOTYPES = YES;
				CLANG_WARN_SUSPICIOUS_MOVE = YES;
				CLANG_WARN_SUSPICIOUS_MOVES = YES;
				CLANG_WARN_UNREACHABLE_CODE = YES;
				CLANG_WARN__DUPLICATE_METHOD_MATCH = YES;
				"CODE_SIGN_IDENTITY[sdk=iphoneos*]" = "iPhone Developer";
				COPY_PHASE_STRIP = NO;
				DEBUG_INFORMATION_FORMAT = dwarf;
				ENABLE_STRICT_OBJC_MSGSEND = YES;
				ENABLE_TESTABILITY = YES;
				GCC_C_LANGUAGE_STANDARD = gnu99;
				GCC_DYNAMIC_NO_PIC = NO;
				GCC_NO_COMMON_BLOCKS = YES;
				GCC_OPTIMIZATION_LEVEL = 0;
				GCC_PREPROCESSOR_DEFINITIONS = (
					"DEBUG=0",
					"$(inherited)",
				);
				GCC_WARN_64_TO_32_BIT_CONVERSION = YES;
				GCC_WARN_ABOUT_RETURN_TYPE = YES_ERROR;
				GCC_WARN_UNDECLARED_SELECTOR = YES;
				GCC_WARN_UNINITIALIZED_AUTOS = YES_AGGRESSIVE;
				GCC_WARN_UNUSED_FUNCTION = YES;
				GCC_WARN_UNUSED_VARIABLE = YES;
				IPHONEOS_DEPLOYMENT_TARGET = 10.1;
				MTL_ENABLE_DEBUG_INFO = YES;
				ONLY_ACTIVE_ARCH = YES;
				SDKROOT = iphoneos;
				SWIFT_ACTIVE_COMPILATION_CONDITIONS = DEBUG;
				SWIFT_OPTIMIZATION_LEVEL = "-Onone";
				TARGETED_DEVICE_FAMILY = "1,2";
			};
			name = Debug;
		};
		39B4997C1DC7922C00EDACB2 /* Release */ = {
			isa = XCBuildConfiguration;
			buildSettings = {
				ALWAYS_SEARCH_USER_PATHS = NO;
				CLANG_ANALYZER_LOCALIZABILITY_NONLOCALIZED = YES;
				CLANG_ANALYZER_NONNULL = YES;
				CLANG_CXX_LANGUAGE_STANDARD = "gnu++0x";
				CLANG_CXX_LIBRARY = "libc++";
				CLANG_ENABLE_MODULES = YES;
				CLANG_ENABLE_OBJC_ARC = YES;
				CLANG_WARN_BLOCK_CAPTURE_AUTORELEASING = YES;
				CLANG_WARN_BOOL_CONVERSION = YES;
				CLANG_WARN_COMMA = YES;
				CLANG_WARN_CONSTANT_CONVERSION = YES;
				CLANG_WARN_DEPRECATED_OBJC_IMPLEMENTATIONS = YES;
				CLANG_WARN_DIRECT_OBJC_ISA_USAGE = YES_ERROR;
				CLANG_WARN_DOCUMENTATION_COMMENTS = YES;
				CLANG_WARN_EMPTY_BODY = YES;
				CLANG_WARN_ENUM_CONVERSION = YES;
				CLANG_WARN_INFINITE_RECURSION = YES;
				CLANG_WARN_INT_CONVERSION = YES;
				CLANG_WARN_NON_LITERAL_NULL_CONVERSION = YES;
				CLANG_WARN_OBJC_IMPLICIT_RETAIN_SELF = YES;
				CLANG_WARN_OBJC_LITERAL_CONVERSION = YES;
				CLANG_WARN_OBJC_ROOT_CLASS = YES_ERROR;
				CLANG_WARN_RANGE_LOOP_ANALYSIS = YES;
				CLANG_WARN_STRICT_PROTOTYPES = YES;
				CLANG_WARN_SUSPICIOUS_MOVE = YES;
				CLANG_WARN_SUSPICIOUS_MOVES = YES;
				CLANG_WARN_UNREACHABLE_CODE = YES;
				CLANG_WARN__DUPLICATE_METHOD_MATCH = YES;
				"CODE_SIGN_IDENTITY[sdk=iphoneos*]" = "iPhone Developer";
				COPY_PHASE_STRIP = NO;
				DEBUG_INFORMATION_FORMAT = "dwarf-with-dsym";
				ENABLE_NS_ASSERTIONS = NO;
				ENABLE_STRICT_OBJC_MSGSEND = YES;
				GCC_C_LANGUAGE_STANDARD = gnu99;
				GCC_NO_COMMON_BLOCKS = YES;
				GCC_WARN_64_TO_32_BIT_CONVERSION = YES;
				GCC_WARN_ABOUT_RETURN_TYPE = YES_ERROR;
				GCC_WARN_UNDECLARED_SELECTOR = YES;
				GCC_WARN_UNINITIALIZED_AUTOS = YES_AGGRESSIVE;
				GCC_WARN_UNUSED_FUNCTION = YES;
				GCC_WARN_UNUSED_VARIABLE = YES;
				IPHONEOS_DEPLOYMENT_TARGET = 10.1;
				MTL_ENABLE_DEBUG_INFO = NO;
				SDKROOT = iphoneos;
				SWIFT_COMPILATION_MODE = wholemodule;
				SWIFT_OPTIMIZATION_LEVEL = "-O";
				TARGETED_DEVICE_FAMILY = "1,2";
				VALIDATE_PRODUCT = YES;
			};
			name = Release;
		};
		39B4997E1DC7922C00EDACB2 /* Debug */ = {
			isa = XCBuildConfiguration;
			baseConfigurationReference = 3E491C33B34005C2C736E2E7 /* Pods-AppleSDKTips.debug.xcconfig */;
			buildSettings = {
				ASSETCATALOG_COMPILER_APPICON_NAME = AppIcon;
				CLANG_ENABLE_MODULES = YES;
				CODE_SIGN_ENTITLEMENTS = AppleSDKTips/AppleSDKTips.entitlements;
				"CODE_SIGN_IDENTITY[sdk=iphoneos*]" = "iPhone Developer";
				CODE_SIGN_STYLE = Automatic;
				DEVELOPMENT_TEAM = KCQC4QP985;
				FRAMEWORK_SEARCH_PATHS = (
					"$(inherited)",
					"$(PROJECT_DIR)/AppleSDKTips/Framework/WWW",
				);
				GCC_PREPROCESSOR_DEFINITIONS = "$(inherited)";
				INFOPLIST_FILE = AppleSDKTips/Framework/Resource/Info.plist;
				IPHONEOS_DEPLOYMENT_TARGET = 13.5;
				LD_RUNPATH_SEARCH_PATHS = (
					"$(inherited)",
					"@executable_path/Frameworks",
				);
				PRODUCT_BUNDLE_IDENTIFIER = com.imaxyz.AppleSDKTips;
				PRODUCT_NAME = "$(TARGET_NAME)";
				PROVISIONING_PROFILE_SPECIFIER = "";
				SUPPORTS_MACCATALYST = YES;
				SWIFT_OBJC_BRIDGING_HEADER = "AppleSDKTips/AppleSDKTips-Bridging-Header.h";
				SWIFT_OPTIMIZATION_LEVEL = "-Onone";
				SWIFT_SWIFT3_OBJC_INFERENCE = Off;
				SWIFT_VERSION = 5.0;
			};
			name = Debug;
		};
		39B4997F1DC7922C00EDACB2 /* Release */ = {
			isa = XCBuildConfiguration;
			baseConfigurationReference = BF45BF5491F10AF4AF68FD69 /* Pods-AppleSDKTips.release.xcconfig */;
			buildSettings = {
				ASSETCATALOG_COMPILER_APPICON_NAME = AppIcon;
				CLANG_ENABLE_MODULES = YES;
				CODE_SIGN_ENTITLEMENTS = AppleSDKTips/AppleSDKTips.entitlements;
				"CODE_SIGN_IDENTITY[sdk=iphoneos*]" = "iPhone Developer";
				CODE_SIGN_STYLE = Automatic;
				DEVELOPMENT_TEAM = KCQC4QP985;
				FRAMEWORK_SEARCH_PATHS = (
					"$(inherited)",
					"$(PROJECT_DIR)/AppleSDKTips/Framework/WWW",
				);
				INFOPLIST_FILE = AppleSDKTips/Framework/Resource/Info.plist;
				IPHONEOS_DEPLOYMENT_TARGET = 13.5;
				LD_RUNPATH_SEARCH_PATHS = (
					"$(inherited)",
					"@executable_path/Frameworks",
				);
				PRODUCT_BUNDLE_IDENTIFIER = com.imaxyz.AppleSDKTips;
				PRODUCT_NAME = "$(TARGET_NAME)";
				PROVISIONING_PROFILE_SPECIFIER = "";
				SUPPORTS_MACCATALYST = YES;
				SWIFT_OBJC_BRIDGING_HEADER = "AppleSDKTips/AppleSDKTips-Bridging-Header.h";
				SWIFT_SWIFT3_OBJC_INFERENCE = Off;
				SWIFT_VERSION = 5.0;
			};
			name = Release;
		};
		39B499811DC7922C00EDACB2 /* Debug */ = {
			isa = XCBuildConfiguration;
			baseConfigurationReference = 76F538E0EC6DD86CCB7C8C5A /* Pods-AppleSDKTipsTests.debug.xcconfig */;
			buildSettings = {
				ALWAYS_EMBED_SWIFT_STANDARD_LIBRARIES = YES;
				BUNDLE_LOADER = "$(TEST_HOST)";
				CLANG_ENABLE_MODULES = YES;
				DEVELOPMENT_TEAM = KCQC4QP985;
				INFOPLIST_FILE = AppleSDKTipsTests/Resource/Info.plist;
				IPHONEOS_DEPLOYMENT_TARGET = 11.1;
				LD_RUNPATH_SEARCH_PATHS = (
					"$(inherited)",
					"@executable_path/Frameworks",
					"@loader_path/Frameworks",
				);
				PRODUCT_BUNDLE_IDENTIFIER = com.YI201610.AppleSDKTips;
				PRODUCT_NAME = "$(TARGET_NAME)";
				SWIFT_OBJC_BRIDGING_HEADER = "AppleSDKTipsTests/TechnicalService/AppleSDKTipsTests-Bridging-Header.h";
				SWIFT_OPTIMIZATION_LEVEL = "-Onone";
				SWIFT_SWIFT3_OBJC_INFERENCE = Off;
				SWIFT_VERSION = 5.0;
				TEST_HOST = "$(BUILT_PRODUCTS_DIR)/AppleSDKTips.app/AppleSDKTips";
			};
			name = Debug;
		};
		39B499821DC7922C00EDACB2 /* Release */ = {
			isa = XCBuildConfiguration;
			baseConfigurationReference = E76EC04D5B3D292774744A54 /* Pods-AppleSDKTipsTests.release.xcconfig */;
			buildSettings = {
				ALWAYS_EMBED_SWIFT_STANDARD_LIBRARIES = YES;
				BUNDLE_LOADER = "$(TEST_HOST)";
				CLANG_ENABLE_MODULES = YES;
				DEVELOPMENT_TEAM = KCQC4QP985;
				INFOPLIST_FILE = AppleSDKTipsTests/Resource/Info.plist;
				IPHONEOS_DEPLOYMENT_TARGET = 11.1;
				LD_RUNPATH_SEARCH_PATHS = (
					"$(inherited)",
					"@executable_path/Frameworks",
					"@loader_path/Frameworks",
				);
				PRODUCT_BUNDLE_IDENTIFIER = com.YI201610.AppleSDKTips;
				PRODUCT_NAME = "$(TARGET_NAME)";
				SWIFT_OBJC_BRIDGING_HEADER = "AppleSDKTipsTests/TechnicalService/AppleSDKTipsTests-Bridging-Header.h";
				SWIFT_SWIFT3_OBJC_INFERENCE = Off;
				SWIFT_VERSION = 5.0;
				TEST_HOST = "$(BUILT_PRODUCTS_DIR)/AppleSDKTips.app/AppleSDKTips";
			};
			name = Release;
		};
		39B499841DC7922C00EDACB2 /* Debug */ = {
			isa = XCBuildConfiguration;
			baseConfigurationReference = F60176633F148E08198A2E92 /* Pods-AppleSDKTips-AppleSDKTipsUITests.debug.xcconfig */;
			buildSettings = {
				ALWAYS_EMBED_SWIFT_STANDARD_LIBRARIES = YES;
				DEVELOPMENT_TEAM = KCQC4QP985;
				INFOPLIST_FILE = AppleSDKTipsUITests/Info.plist;
				LD_RUNPATH_SEARCH_PATHS = (
					"$(inherited)",
					"@executable_path/Frameworks",
					"@loader_path/Frameworks",
				);
				PRODUCT_BUNDLE_IDENTIFIER = com.YI201610.AppleSDKTips;
				PRODUCT_NAME = "$(TARGET_NAME)";
				SWIFT_SWIFT3_OBJC_INFERENCE = Off;
				SWIFT_VERSION = 5.0;
				TEST_TARGET_NAME = AppleSDKTips;
			};
			name = Debug;
		};
		39B499851DC7922C00EDACB2 /* Release */ = {
			isa = XCBuildConfiguration;
			baseConfigurationReference = 7D8857339530240312B931A6 /* Pods-AppleSDKTips-AppleSDKTipsUITests.release.xcconfig */;
			buildSettings = {
				ALWAYS_EMBED_SWIFT_STANDARD_LIBRARIES = YES;
				DEVELOPMENT_TEAM = KCQC4QP985;
				INFOPLIST_FILE = AppleSDKTipsUITests/Info.plist;
				LD_RUNPATH_SEARCH_PATHS = (
					"$(inherited)",
					"@executable_path/Frameworks",
					"@loader_path/Frameworks",
				);
				PRODUCT_BUNDLE_IDENTIFIER = com.YI201610.AppleSDKTips;
				PRODUCT_NAME = "$(TARGET_NAME)";
				SWIFT_SWIFT3_OBJC_INFERENCE = Off;
				SWIFT_VERSION = 5.0;
				TEST_TARGET_NAME = AppleSDKTips;
			};
			name = Release;
		};
		AE05B7472511738500100E1E /* Debug */ = {
			isa = XCBuildConfiguration;
			baseConfigurationReference = 3E491C33B34005C2C736E2E7 /* Pods-AppleSDKTips.debug.xcconfig */;
			buildSettings = {
				ASSETCATALOG_COMPILER_APPICON_NAME = AppIcon;
				CLANG_ENABLE_MODULES = YES;
				CODE_SIGN_ENTITLEMENTS = AppleSDKTips/AppleSDKTips.entitlements;
				"CODE_SIGN_IDENTITY[sdk=iphoneos*]" = "iPhone Developer";
				CODE_SIGN_STYLE = Automatic;
				CustomBuildParameters = Develop;
				DEVELOPMENT_TEAM = KCQC4QP985;
				FRAMEWORK_SEARCH_PATHS = (
					"$(inherited)",
					"$(PROJECT_DIR)/AppleSDKTips/Framework/WWW",
				);
				GCC_PREPROCESSOR_DEFINITIONS = (
					"DEBUG=1",
					"COCOAPODS=1",
				);
				INFOPLIST_FILE = "AppleSDKTips/Framework/Resource/Info-dev.plist";
				IPHONEOS_DEPLOYMENT_TARGET = 13.5;
				LD_RUNPATH_SEARCH_PATHS = (
					"$(inherited)",
					"@executable_path/Frameworks",
				);
				PRODUCT_BUNDLE_IDENTIFIER = com.imaxyz.AppleSDKTips;
				PRODUCT_NAME = "$(TARGET_NAME)";
				PROVISIONING_PROFILE_SPECIFIER = "";
				SUPPORTS_MACCATALYST = YES;
				SWIFT_OBJC_BRIDGING_HEADER = "AppleSDKTips/AppleSDKTips-Bridging-Header.h";
				SWIFT_OPTIMIZATION_LEVEL = "-Onone";
				SWIFT_SWIFT3_OBJC_INFERENCE = Off;
				SWIFT_VERSION = 5.0;
			};
			name = Debug;
		};
		AE05B7482511738500100E1E /* Release */ = {
			isa = XCBuildConfiguration;
			baseConfigurationReference = BF45BF5491F10AF4AF68FD69 /* Pods-AppleSDKTips.release.xcconfig */;
			buildSettings = {
				ASSETCATALOG_COMPILER_APPICON_NAME = AppIcon;
				CLANG_ENABLE_MODULES = YES;
				CODE_SIGN_ENTITLEMENTS = AppleSDKTips/AppleSDKTips.entitlements;
				"CODE_SIGN_IDENTITY[sdk=iphoneos*]" = "iPhone Developer";
				CODE_SIGN_STYLE = Automatic;
				CustomBuildParameters = Develop;
				DEVELOPMENT_TEAM = KCQC4QP985;
				FRAMEWORK_SEARCH_PATHS = (
					"$(inherited)",
					"$(PROJECT_DIR)/AppleSDKTips/Framework/WWW",
				);
				INFOPLIST_FILE = "AppleSDKTips/Framework/Resource/Info-dev.plist";
				IPHONEOS_DEPLOYMENT_TARGET = 13.5;
				LD_RUNPATH_SEARCH_PATHS = (
					"$(inherited)",
					"@executable_path/Frameworks",
				);
				PRODUCT_BUNDLE_IDENTIFIER = com.imaxyz.AppleSDKTips;
				PRODUCT_NAME = "$(TARGET_NAME)";
				PROVISIONING_PROFILE_SPECIFIER = "";
				SUPPORTS_MACCATALYST = YES;
				SWIFT_OBJC_BRIDGING_HEADER = "AppleSDKTips/AppleSDKTips-Bridging-Header.h";
				SWIFT_SWIFT3_OBJC_INFERENCE = Off;
				SWIFT_VERSION = 5.0;
			};
			name = Release;
		};
/* End XCBuildConfiguration section */

/* Begin XCConfigurationList section */
		39B499501DC7922C00EDACB2 /* Build configuration list for PBXProject "AppleSDKTips" */ = {
			isa = XCConfigurationList;
			buildConfigurations = (
				39B4997B1DC7922C00EDACB2 /* Debug */,
				39B4997C1DC7922C00EDACB2 /* Release */,
			);
			defaultConfigurationIsVisible = 0;
			defaultConfigurationName = Release;
		};
		39B4997D1DC7922C00EDACB2 /* Build configuration list for PBXNativeTarget "AppleSDKTips" */ = {
			isa = XCConfigurationList;
			buildConfigurations = (
				39B4997E1DC7922C00EDACB2 /* Debug */,
				39B4997F1DC7922C00EDACB2 /* Release */,
			);
			defaultConfigurationIsVisible = 0;
			defaultConfigurationName = Release;
		};
		39B499801DC7922C00EDACB2 /* Build configuration list for PBXNativeTarget "AppleSDKTipsTests" */ = {
			isa = XCConfigurationList;
			buildConfigurations = (
				39B499811DC7922C00EDACB2 /* Debug */,
				39B499821DC7922C00EDACB2 /* Release */,
			);
			defaultConfigurationIsVisible = 0;
			defaultConfigurationName = Release;
		};
		39B499831DC7922C00EDACB2 /* Build configuration list for PBXNativeTarget "AppleSDKTipsUITests" */ = {
			isa = XCConfigurationList;
			buildConfigurations = (
				39B499841DC7922C00EDACB2 /* Debug */,
				39B499851DC7922C00EDACB2 /* Release */,
			);
			defaultConfigurationIsVisible = 0;
			defaultConfigurationName = Release;
		};
		AE05B7462511738500100E1E /* Build configuration list for PBXNativeTarget "AppleSDKTipsDev" */ = {
			isa = XCConfigurationList;
			buildConfigurations = (
				AE05B7472511738500100E1E /* Debug */,
				AE05B7482511738500100E1E /* Release */,
			);
			defaultConfigurationIsVisible = 0;
			defaultConfigurationName = Release;
		};
/* End XCConfigurationList section */

/* Begin XCRemoteSwiftPackageReference section */
		AE05B7132511738500100E1E /* XCRemoteSwiftPackageReference "facebook-ios-sdk" */ = {
			isa = XCRemoteSwiftPackageReference;
			repositoryURL = "https://github.com/facebook/facebook-ios-sdk";
			requirement = {
				kind = upToNextMajorVersion;
				minimumVersion = 7.1.1;
			};
		};
		AE68254D24F4847800B6A35A /* XCRemoteSwiftPackageReference "facebook-ios-sdk" */ = {
			isa = XCRemoteSwiftPackageReference;
			repositoryURL = "https://github.com/facebook/facebook-ios-sdk";
			requirement = {
				kind = upToNextMajorVersion;
				minimumVersion = 7.1.1;
			};
		};
/* End XCRemoteSwiftPackageReference section */

/* Begin XCSwiftPackageProductDependency section */
		AE05B7122511738500100E1E /* FacebookLogin */ = {
			isa = XCSwiftPackageProductDependency;
			package = AE05B7132511738500100E1E /* XCRemoteSwiftPackageReference "facebook-ios-sdk" */;
			productName = FacebookLogin;
		};
		AE05B7142511738500100E1E /* FacebookCore */ = {
			isa = XCSwiftPackageProductDependency;
			package = AE05B7132511738500100E1E /* XCRemoteSwiftPackageReference "facebook-ios-sdk" */;
			productName = FacebookCore;
		};
		AE68254E24F4847800B6A35A /* FacebookLogin */ = {
			isa = XCSwiftPackageProductDependency;
			package = AE68254D24F4847800B6A35A /* XCRemoteSwiftPackageReference "facebook-ios-sdk" */;
			productName = FacebookLogin;
		};
		AE68255024F4847800B6A35A /* FacebookCore */ = {
			isa = XCSwiftPackageProductDependency;
			package = AE68254D24F4847800B6A35A /* XCRemoteSwiftPackageReference "facebook-ios-sdk" */;
			productName = FacebookCore;
		};
/* End XCSwiftPackageProductDependency section */
	};
	rootObject = 39B4994D1DC7922C00EDACB2 /* Project object */;
}
